<?xml version="1.0" encoding="UTF-8"?>
<!DOCTYPE plist PUBLIC "-//Apple//DTD PLIST 1.0//EN" "http://www.apple.com/DTDs/PropertyList-1.0.dtd">
<plist version="1.0">
<dict>
	<key>archiveVersion</key>
	<string>1</string>
	<key>classes</key>
	<dict/>
	<key>objectVersion</key>
	<string>46</string>
	<key>objects</key>
	<dict>
		<key>0F9A584FBE7A49F15F38B9EC</key>
		<dict>
			<key>children</key>
			<array>
				<string>80BEA5DAC1AFE9EC922D46ED</string>
			</array>
			<key>isa</key>
			<string>PBXGroup</string>
			<key>name</key>
			<string>Frameworks</string>
			<key>sourceTree</key>
			<string>&lt;group&gt;</string>
		</dict>
		<key>25DE476BA96490759BFD3148</key>
		<dict>
			<key>buildActionMask</key>
			<string>2147483647</string>
			<key>files</key>
			<array/>
			<key>inputPaths</key>
			<array/>
			<key>isa</key>
			<string>PBXShellScriptBuildPhase</string>
			<key>name</key>
			<string>Embed Pods Frameworks</string>
			<key>outputPaths</key>
			<array/>
			<key>runOnlyForDeploymentPostprocessing</key>
			<string>0</string>
			<key>shellPath</key>
			<string>/bin/sh</string>
			<key>shellScript</key>
			<string>"${SRCROOT}/Pods/Target Support Files/Pods-SmartHome/Pods-SmartHome-frameworks.sh"
</string>
			<key>showEnvVarsInLog</key>
			<string>0</string>
		</dict>
		<key>45EB64AC1D4D9DA3001EAA4E</key>
		<dict>
			<key>fileEncoding</key>
			<string>4</string>
			<key>isa</key>
			<string>PBXFileReference</string>
			<key>lastKnownFileType</key>
			<string>sourcecode.c.h</string>
			<key>path</key>
			<string>SHSetModel.h</string>
			<key>sourceTree</key>
			<string>&lt;group&gt;</string>
		</dict>
		<key>45EB64AD1D4D9DA3001EAA4E</key>
		<dict>
			<key>fileEncoding</key>
			<string>4</string>
			<key>isa</key>
			<string>PBXFileReference</string>
			<key>lastKnownFileType</key>
			<string>sourcecode.c.objc</string>
			<key>path</key>
			<string>SHSetModel.m</string>
			<key>sourceTree</key>
			<string>&lt;group&gt;</string>
		</dict>
		<key>45EB64AE1D4D9DA3001EAA4E</key>
		<dict>
			<key>fileRef</key>
			<string>45EB64AD1D4D9DA3001EAA4E</string>
			<key>isa</key>
			<string>PBXBuildFile</string>
		</dict>
		<key>45EB64AF1D4D9DC0001EAA4E</key>
		<dict>
			<key>fileEncoding</key>
			<string>4</string>
			<key>isa</key>
			<string>PBXFileReference</string>
			<key>lastKnownFileType</key>
			<string>sourcecode.c.h</string>
			<key>path</key>
			<string>KLSwitch.h</string>
			<key>sourceTree</key>
			<string>&lt;group&gt;</string>
		</dict>
		<key>45EB64B01D4D9DC0001EAA4E</key>
		<dict>
			<key>fileEncoding</key>
			<string>4</string>
			<key>isa</key>
			<string>PBXFileReference</string>
			<key>lastKnownFileType</key>
			<string>sourcecode.c.objc</string>
			<key>path</key>
			<string>KLSwitch.m</string>
			<key>sourceTree</key>
			<string>&lt;group&gt;</string>
		</dict>
		<key>45EB64B11D4D9DC0001EAA4E</key>
		<dict>
			<key>fileRef</key>
			<string>45EB64B01D4D9DC0001EAA4E</string>
			<key>isa</key>
			<string>PBXBuildFile</string>
		</dict>
		<key>45EB64B21D4D9E3E001EAA4E</key>
		<dict>
			<key>children</key>
			<array/>
			<key>isa</key>
			<string>PBXGroup</string>
			<key>name</key>
			<string>Model</string>
			<key>sourceTree</key>
			<string>&lt;group&gt;</string>
		</dict>
		<key>6AE8A5F6F194A028705120D1</key>
		<dict>
			<key>buildActionMask</key>
			<string>2147483647</string>
			<key>files</key>
			<array/>
			<key>inputPaths</key>
			<array/>
			<key>isa</key>
			<string>PBXShellScriptBuildPhase</string>
			<key>name</key>
			<string>[CP] Embed Pods Frameworks</string>
			<key>outputPaths</key>
			<array/>
			<key>runOnlyForDeploymentPostprocessing</key>
			<string>0</string>
			<key>shellPath</key>
			<string>/bin/sh</string>
			<key>shellScript</key>
			<string>"${SRCROOT}/Pods/Target Support Files/Pods-SmartHome/Pods-SmartHome-frameworks.sh"
</string>
			<key>showEnvVarsInLog</key>
			<string>0</string>
		</dict>
		<key>80BEA5DAC1AFE9EC922D46ED</key>
		<dict>
			<key>explicitFileType</key>
			<string>archive.ar</string>
			<key>includeInIndex</key>
			<string>0</string>
			<key>isa</key>
			<string>PBXFileReference</string>
			<key>path</key>
			<string>libPods-SmartHome.a</string>
			<key>sourceTree</key>
			<string>BUILT_PRODUCTS_DIR</string>
		</dict>
		<key>9290D4707E3E489A929F89FF</key>
		<dict>
			<key>fileRef</key>
			<string>80BEA5DAC1AFE9EC922D46ED</string>
			<key>isa</key>
			<string>PBXBuildFile</string>
		</dict>
		<key>9589DDE9AC2B19FE22ACCFBA</key>
		<dict>
			<key>includeInIndex</key>
			<string>1</string>
			<key>isa</key>
			<string>PBXFileReference</string>
			<key>lastKnownFileType</key>
			<string>text.xcconfig</string>
			<key>name</key>
			<string>Pods-SmartHome.release.xcconfig</string>
			<key>path</key>
			<string>Pods/Target Support Files/Pods-SmartHome/Pods-SmartHome.release.xcconfig</string>
			<key>sourceTree</key>
			<string>&lt;group&gt;</string>
		</dict>
		<key>9D4B04FD1D345E10004FBFA1</key>
		<dict>
			<key>children</key>
			<array>
				<string>9D4B05081D345E10004FBFA1</string>
				<string>9D4B05251D345E10004FBFA1</string>
				<string>9D4B05301D345E10004FBFA1</string>
				<string>9D4B05071D345E10004FBFA1</string>
				<string>BBF66BC7A2E65ED327D88728</string>
				<string>0F9A584FBE7A49F15F38B9EC</string>
			</array>
			<key>isa</key>
			<string>PBXGroup</string>
			<key>sourceTree</key>
			<string>&lt;group&gt;</string>
		</dict>
		<key>9D4B04FE1D345E10004FBFA1</key>
		<dict>
			<key>attributes</key>
			<dict>
				<key>LastUpgradeCheck</key>
				<string>0730</string>
				<key>ORGANIZATIONNAME</key>
				<string>tong</string>
				<key>TargetAttributes</key>
				<dict>
					<key>9D4B05051D345E10004FBFA1</key>
					<dict>
						<key>CreatedOnToolsVersion</key>
						<string>7.3</string>
					</dict>
					<key>9D4B05211D345E10004FBFA1</key>
					<dict>
						<key>CreatedOnToolsVersion</key>
						<string>7.3</string>
						<key>TestTargetID</key>
						<string>9D4B05051D345E10004FBFA1</string>
					</dict>
					<key>9D4B052C1D345E10004FBFA1</key>
					<dict>
						<key>CreatedOnToolsVersion</key>
						<string>7.3</string>
						<key>TestTargetID</key>
						<string>9D4B05051D345E10004FBFA1</string>
					</dict>
				</dict>
			</dict>
			<key>buildConfigurationList</key>
			<string>9D4B05011D345E10004FBFA1</string>
			<key>compatibilityVersion</key>
			<string>Xcode 3.2</string>
			<key>developmentRegion</key>
			<string>English</string>
			<key>hasScannedForEncodings</key>
			<string>0</string>
			<key>isa</key>
			<string>PBXProject</string>
			<key>knownRegions</key>
			<array>
				<string>en</string>
				<string>Base</string>
			</array>
			<key>mainGroup</key>
			<string>9D4B04FD1D345E10004FBFA1</string>
			<key>productRefGroup</key>
			<string>9D4B05071D345E10004FBFA1</string>
			<key>projectDirPath</key>
			<string></string>
			<key>projectReferences</key>
			<array/>
			<key>projectRoot</key>
			<string></string>
			<key>targets</key>
			<array>
				<string>9D4B05051D345E10004FBFA1</string>
				<string>9D4B05211D345E10004FBFA1</string>
				<string>9D4B052C1D345E10004FBFA1</string>
			</array>
		</dict>
		<key>9D4B05011D345E10004FBFA1</key>
		<dict>
			<key>buildConfigurations</key>
			<array>
				<string>9D4B05341D345E10004FBFA1</string>
				<string>9D4B05351D345E10004FBFA1</string>
			</array>
			<key>defaultConfigurationIsVisible</key>
			<string>0</string>
			<key>defaultConfigurationName</key>
			<string>Release</string>
			<key>isa</key>
			<string>XCConfigurationList</string>
		</dict>
		<key>9D4B05021D345E10004FBFA1</key>
		<dict>
			<key>buildActionMask</key>
			<string>2147483647</string>
			<key>files</key>
			<array>
				<string>A0D9CBA01D4C63C50035289D</string>
				<string>A0D9CBA91D4CB9EF0035289D</string>
				<string>A0D9CBA61D4CB7EE0035289D</string>
				<string>9D8AADD71D4D432B00B63C1B</string>
				<string>9D8AADC11D4CB6F300B63C1B</string>
				<string>9D8AADB31D4C1FDC00B63C1B</string>
				<string>A04C1E0C1D4B8E86005A3BAE</string>
				<string>A0D9CC1C1D4CF1520035289D</string>
				<string>A04099ED1D4E39C500903210</string>
				<string>A04C1DF11D4B8DA5005A3BAE</string>
				<string>9D8AADD21D4D333100B63C1B</string>
				<string>9D8AADCA1D4D229500B63C1B</string>
				<string>9D4B050E1D345E10004FBFA1</string>
				<string>A0D9CC221D4CF1C50035289D</string>
				<string>9D8AADC41D4D0A9E00B63C1B</string>
				<string>45EB64B11D4D9DC0001EAA4E</string>
				<string>45EB64AE1D4D9DA3001EAA4E</string>
				<string>A04C1DE21D4B8CC8005A3BAE</string>
				<string>9D8AADBE1D4CB67300B63C1B</string>
				<string>A04C1E0A1D4B8E86005A3BAE</string>
				<string>A04C1E0E1D4B8E86005A3BAE</string>
				<string>9D4B05171D345E10004FBFA1</string>
				<string>A0D9CBA31D4C801F0035289D</string>
				<string>A0D9CB9F1D4C63C50035289D</string>
				<string>A0D9CB901D4C5D1C0035289D</string>
				<string>A0D9CBE41D4CEFA70035289D</string>
				<string>A04C1DE31D4B8CC8005A3BAE</string>
				<string>9D4B050B1D345E10004FBFA1</string>
				<string>A0D9CC1F1D4CF1B00035289D</string>
				<string>9D8AADCE1D4D2CF900B63C1B</string>
				<string>A04C1E071D4B8E86005A3BAE</string>
				<string>A04C1E061D4B8E86005A3BAE</string>
				<string>A0D9CB931D4C5D320035289D</string>
			</array>
			<key>isa</key>
			<string>PBXSourcesBuildPhase</string>
			<key>runOnlyForDeploymentPostprocessing</key>
			<string>0</string>
		</dict>
		<key>9D4B05031D345E10004FBFA1</key>
		<dict>
			<key>buildActionMask</key>
			<string>2147483647</string>
			<key>files</key>
			<array>
				<string>A04C1DD91D4B8C2C005A3BAE</string>
				<string>9290D4707E3E489A929F89FF</string>
			</array>
			<key>isa</key>
			<string>PBXFrameworksBuildPhase</string>
			<key>runOnlyForDeploymentPostprocessing</key>
			<string>0</string>
		</dict>
		<key>9D4B05041D345E10004FBFA1</key>
		<dict>
			<key>buildActionMask</key>
			<string>2147483647</string>
			<key>files</key>
			<array>
				<string>A04C1E0D1D4B8E86005A3BAE</string>
				<string>9D8AADD31D4D333100B63C1B</string>
				<string>A0D9CC191D4CF02F0035289D</string>
				<string>A04C1E0F1D4B8E86005A3BAE</string>
				<string>A04C1E081D4B8E86005A3BAE</string>
				<string>9D8AADCB1D4D229500B63C1B</string>
				<string>A0D9CC181D4CF02F0035289D</string>
				<string>9D8AADC61D4D0F1E00B63C1B</string>
				<string>9D4B051C1D345E10004FBFA1</string>
				<string>9D8AADD81D4D432B00B63C1B</string>
				<string>9D4B05191D345E10004FBFA1</string>
				<string>9D4B05141D345E10004FBFA1</string>
			</array>
			<key>isa</key>
			<string>PBXResourcesBuildPhase</string>
			<key>runOnlyForDeploymentPostprocessing</key>
			<string>0</string>
		</dict>
		<key>9D4B05051D345E10004FBFA1</key>
		<dict>
			<key>buildConfigurationList</key>
			<string>9D4B05361D345E10004FBFA1</string>
			<key>buildPhases</key>
			<array>
				<string>DC6A3F43F6AA9430B35B792D</string>
				<string>9D4B05021D345E10004FBFA1</string>
				<string>9D4B05031D345E10004FBFA1</string>
				<string>9D4B05041D345E10004FBFA1</string>
				<string>6AE8A5F6F194A028705120D1</string>
				<string>B2DEEE39501D3A5271F4FCC7</string>
				<string>25DE476BA96490759BFD3148</string>
			</array>
			<key>buildRules</key>
			<array/>
			<key>dependencies</key>
			<array/>
			<key>isa</key>
			<string>PBXNativeTarget</string>
			<key>name</key>
			<string>SmartHome</string>
			<key>productName</key>
			<string>SmartHome</string>
			<key>productReference</key>
			<string>9D4B05061D345E10004FBFA1</string>
			<key>productType</key>
			<string>com.apple.product-type.application</string>
		</dict>
		<key>9D4B05061D345E10004FBFA1</key>
		<dict>
			<key>explicitFileType</key>
			<string>wrapper.application</string>
			<key>includeInIndex</key>
			<string>0</string>
			<key>isa</key>
			<string>PBXFileReference</string>
			<key>path</key>
			<string>SmartHome.app</string>
			<key>sourceTree</key>
			<string>BUILT_PRODUCTS_DIR</string>
		</dict>
		<key>9D4B05071D345E10004FBFA1</key>
		<dict>
			<key>children</key>
			<array>
				<string>9D4B05061D345E10004FBFA1</string>
				<string>9D4B05221D345E10004FBFA1</string>
				<string>9D4B052D1D345E10004FBFA1</string>
			</array>
			<key>isa</key>
			<string>PBXGroup</string>
			<key>name</key>
			<string>Products</string>
			<key>sourceTree</key>
			<string>&lt;group&gt;</string>
		</dict>
		<key>9D4B05081D345E10004FBFA1</key>
		<dict>
			<key>children</key>
			<array>
				<string>9D4B050C1D345E10004FBFA1</string>
				<string>9D4B050D1D345E10004FBFA1</string>
				<string>A04C1DEB1D4B8DA5005A3BAE</string>
				<string>A0D9CBAA1D4CEFA70035289D</string>
				<string>A04C1E101D4B8F1B005A3BAE</string>
				<string>A04C1DF21D4B8E86005A3BAE</string>
				<string>A04C1DDA1D4B8CC8005A3BAE</string>
				<string>A04C1DD61D4B8C2C005A3BAE</string>
				<string>A0D9CB951D4C603D0035289D</string>
				<string>A04C1E171D4B8F2C005A3BAE</string>
				<string>9D4B05121D345E10004FBFA1</string>
				<string>9D4B05181D345E10004FBFA1</string>
				<string>9D4B051A1D345E10004FBFA1</string>
				<string>9D4B051D1D345E10004FBFA1</string>
				<string>9D4B05151D345E10004FBFA1</string>
				<string>9D4B05091D345E10004FBFA1</string>
			</array>
			<key>isa</key>
			<string>PBXGroup</string>
			<key>path</key>
			<string>SmartHome</string>
			<key>sourceTree</key>
			<string>&lt;group&gt;</string>
		</dict>
		<key>9D4B05091D345E10004FBFA1</key>
		<dict>
			<key>children</key>
			<array>
				<string>9D4B050A1D345E10004FBFA1</string>
			</array>
			<key>isa</key>
			<string>PBXGroup</string>
			<key>name</key>
			<string>Supporting Files</string>
			<key>sourceTree</key>
			<string>&lt;group&gt;</string>
		</dict>
		<key>9D4B050A1D345E10004FBFA1</key>
		<dict>
			<key>isa</key>
			<string>PBXFileReference</string>
			<key>lastKnownFileType</key>
			<string>sourcecode.c.objc</string>
			<key>path</key>
			<string>main.m</string>
			<key>sourceTree</key>
			<string>&lt;group&gt;</string>
		</dict>
		<key>9D4B050B1D345E10004FBFA1</key>
		<dict>
			<key>fileRef</key>
			<string>9D4B050A1D345E10004FBFA1</string>
			<key>isa</key>
			<string>PBXBuildFile</string>
		</dict>
		<key>9D4B050C1D345E10004FBFA1</key>
		<dict>
			<key>isa</key>
			<string>PBXFileReference</string>
			<key>lastKnownFileType</key>
			<string>sourcecode.c.h</string>
			<key>path</key>
			<string>AppDelegate.h</string>
			<key>sourceTree</key>
			<string>&lt;group&gt;</string>
		</dict>
		<key>9D4B050D1D345E10004FBFA1</key>
		<dict>
			<key>isa</key>
			<string>PBXFileReference</string>
			<key>lastKnownFileType</key>
			<string>sourcecode.c.objc</string>
			<key>path</key>
			<string>AppDelegate.m</string>
			<key>sourceTree</key>
			<string>&lt;group&gt;</string>
		</dict>
		<key>9D4B050E1D345E10004FBFA1</key>
		<dict>
			<key>fileRef</key>
			<string>9D4B050D1D345E10004FBFA1</string>
			<key>isa</key>
			<string>PBXBuildFile</string>
		</dict>
		<key>9D4B05121D345E10004FBFA1</key>
		<dict>
			<key>children</key>
			<array>
				<string>9D4B05131D345E10004FBFA1</string>
			</array>
			<key>isa</key>
			<string>PBXVariantGroup</string>
			<key>name</key>
			<string>Main.storyboard</string>
			<key>sourceTree</key>
			<string>&lt;group&gt;</string>
		</dict>
		<key>9D4B05131D345E10004FBFA1</key>
		<dict>
			<key>isa</key>
			<string>PBXFileReference</string>
			<key>lastKnownFileType</key>
			<string>file.storyboard</string>
			<key>name</key>
			<string>Base</string>
			<key>path</key>
			<string>Base.lproj/Main.storyboard</string>
			<key>sourceTree</key>
			<string>&lt;group&gt;</string>
		</dict>
		<key>9D4B05141D345E10004FBFA1</key>
		<dict>
			<key>fileRef</key>
			<string>9D4B05121D345E10004FBFA1</string>
			<key>isa</key>
			<string>PBXBuildFile</string>
		</dict>
		<key>9D4B05151D345E10004FBFA1</key>
		<dict>
			<key>children</key>
			<array>
				<string>9D4B05161D345E10004FBFA1</string>
			</array>
			<key>currentVersion</key>
			<string>9D4B05161D345E10004FBFA1</string>
			<key>isa</key>
			<string>XCVersionGroup</string>
			<key>path</key>
			<string>SmartHome.xcdatamodeld</string>
			<key>sourceTree</key>
			<string>&lt;group&gt;</string>
			<key>versionGroupType</key>
			<string>wrapper.xcdatamodel</string>
		</dict>
		<key>9D4B05161D345E10004FBFA1</key>
		<dict>
			<key>isa</key>
			<string>PBXFileReference</string>
			<key>lastKnownFileType</key>
			<string>wrapper.xcdatamodel</string>
			<key>path</key>
			<string>SmartHome.xcdatamodel</string>
			<key>sourceTree</key>
			<string>&lt;group&gt;</string>
		</dict>
		<key>9D4B05171D345E10004FBFA1</key>
		<dict>
			<key>fileRef</key>
			<string>9D4B05151D345E10004FBFA1</string>
			<key>isa</key>
			<string>PBXBuildFile</string>
		</dict>
		<key>9D4B05181D345E10004FBFA1</key>
		<dict>
			<key>isa</key>
			<string>PBXFileReference</string>
			<key>lastKnownFileType</key>
			<string>folder.assetcatalog</string>
			<key>path</key>
			<string>Assets.xcassets</string>
			<key>sourceTree</key>
			<string>&lt;group&gt;</string>
		</dict>
		<key>9D4B05191D345E10004FBFA1</key>
		<dict>
			<key>fileRef</key>
			<string>9D4B05181D345E10004FBFA1</string>
			<key>isa</key>
			<string>PBXBuildFile</string>
		</dict>
		<key>9D4B051A1D345E10004FBFA1</key>
		<dict>
			<key>children</key>
			<array>
				<string>9D4B051B1D345E10004FBFA1</string>
			</array>
			<key>isa</key>
			<string>PBXVariantGroup</string>
			<key>name</key>
			<string>LaunchScreen.storyboard</string>
			<key>sourceTree</key>
			<string>&lt;group&gt;</string>
		</dict>
		<key>9D4B051B1D345E10004FBFA1</key>
		<dict>
			<key>isa</key>
			<string>PBXFileReference</string>
			<key>lastKnownFileType</key>
			<string>file.storyboard</string>
			<key>name</key>
			<string>Base</string>
			<key>path</key>
			<string>Base.lproj/LaunchScreen.storyboard</string>
			<key>sourceTree</key>
			<string>&lt;group&gt;</string>
		</dict>
		<key>9D4B051C1D345E10004FBFA1</key>
		<dict>
			<key>fileRef</key>
			<string>9D4B051A1D345E10004FBFA1</string>
			<key>isa</key>
			<string>PBXBuildFile</string>
		</dict>
		<key>9D4B051D1D345E10004FBFA1</key>
		<dict>
			<key>isa</key>
			<string>PBXFileReference</string>
			<key>lastKnownFileType</key>
			<string>text.plist.xml</string>
			<key>path</key>
			<string>Info.plist</string>
			<key>sourceTree</key>
			<string>&lt;group&gt;</string>
		</dict>
		<key>9D4B051E1D345E10004FBFA1</key>
		<dict>
			<key>buildActionMask</key>
			<string>2147483647</string>
			<key>files</key>
			<array>
				<string>9D4B05271D345E10004FBFA1</string>
			</array>
			<key>isa</key>
			<string>PBXSourcesBuildPhase</string>
			<key>runOnlyForDeploymentPostprocessing</key>
			<string>0</string>
		</dict>
		<key>9D4B051F1D345E10004FBFA1</key>
		<dict>
			<key>buildActionMask</key>
			<string>2147483647</string>
			<key>files</key>
			<array/>
			<key>isa</key>
			<string>PBXFrameworksBuildPhase</string>
			<key>runOnlyForDeploymentPostprocessing</key>
			<string>0</string>
		</dict>
		<key>9D4B05201D345E10004FBFA1</key>
		<dict>
			<key>buildActionMask</key>
			<string>2147483647</string>
			<key>files</key>
			<array/>
			<key>isa</key>
			<string>PBXResourcesBuildPhase</string>
			<key>runOnlyForDeploymentPostprocessing</key>
			<string>0</string>
		</dict>
		<key>9D4B05211D345E10004FBFA1</key>
		<dict>
			<key>buildConfigurationList</key>
			<string>9D4B05391D345E10004FBFA1</string>
			<key>buildPhases</key>
			<array>
				<string>9D4B051E1D345E10004FBFA1</string>
				<string>9D4B051F1D345E10004FBFA1</string>
				<string>9D4B05201D345E10004FBFA1</string>
			</array>
			<key>buildRules</key>
			<array/>
			<key>dependencies</key>
			<array>
				<string>9D4B05241D345E10004FBFA1</string>
			</array>
			<key>isa</key>
			<string>PBXNativeTarget</string>
			<key>name</key>
			<string>SmartHomeTests</string>
			<key>productName</key>
			<string>SmartHomeTests</string>
			<key>productReference</key>
			<string>9D4B05221D345E10004FBFA1</string>
			<key>productType</key>
			<string>com.apple.product-type.bundle.unit-test</string>
		</dict>
		<key>9D4B05221D345E10004FBFA1</key>
		<dict>
			<key>explicitFileType</key>
			<string>wrapper.cfbundle</string>
			<key>includeInIndex</key>
			<string>0</string>
			<key>isa</key>
			<string>PBXFileReference</string>
			<key>path</key>
			<string>SmartHomeTests.xctest</string>
			<key>sourceTree</key>
			<string>BUILT_PRODUCTS_DIR</string>
		</dict>
		<key>9D4B05231D345E10004FBFA1</key>
		<dict>
			<key>containerPortal</key>
			<string>9D4B04FE1D345E10004FBFA1</string>
			<key>isa</key>
			<string>PBXContainerItemProxy</string>
			<key>proxyType</key>
			<string>1</string>
			<key>remoteGlobalIDString</key>
			<string>9D4B05051D345E10004FBFA1</string>
			<key>remoteInfo</key>
			<string>SmartHome</string>
		</dict>
		<key>9D4B05241D345E10004FBFA1</key>
		<dict>
			<key>isa</key>
			<string>PBXTargetDependency</string>
			<key>target</key>
			<string>9D4B05051D345E10004FBFA1</string>
			<key>targetProxy</key>
			<string>9D4B05231D345E10004FBFA1</string>
		</dict>
		<key>9D4B05251D345E10004FBFA1</key>
		<dict>
			<key>children</key>
			<array>
				<string>9D4B05261D345E10004FBFA1</string>
				<string>9D4B05281D345E10004FBFA1</string>
			</array>
			<key>isa</key>
			<string>PBXGroup</string>
			<key>path</key>
			<string>SmartHomeTests</string>
			<key>sourceTree</key>
			<string>&lt;group&gt;</string>
		</dict>
		<key>9D4B05261D345E10004FBFA1</key>
		<dict>
			<key>isa</key>
			<string>PBXFileReference</string>
			<key>lastKnownFileType</key>
			<string>sourcecode.c.objc</string>
			<key>path</key>
			<string>SmartHomeTests.m</string>
			<key>sourceTree</key>
			<string>&lt;group&gt;</string>
		</dict>
		<key>9D4B05271D345E10004FBFA1</key>
		<dict>
			<key>fileRef</key>
			<string>9D4B05261D345E10004FBFA1</string>
			<key>isa</key>
			<string>PBXBuildFile</string>
		</dict>
		<key>9D4B05281D345E10004FBFA1</key>
		<dict>
			<key>isa</key>
			<string>PBXFileReference</string>
			<key>lastKnownFileType</key>
			<string>text.plist.xml</string>
			<key>path</key>
			<string>Info.plist</string>
			<key>sourceTree</key>
			<string>&lt;group&gt;</string>
		</dict>
		<key>9D4B05291D345E10004FBFA1</key>
		<dict>
			<key>buildActionMask</key>
			<string>2147483647</string>
			<key>files</key>
			<array>
				<string>9D4B05321D345E10004FBFA1</string>
			</array>
			<key>isa</key>
			<string>PBXSourcesBuildPhase</string>
			<key>runOnlyForDeploymentPostprocessing</key>
			<string>0</string>
		</dict>
		<key>9D4B052A1D345E10004FBFA1</key>
		<dict>
			<key>buildActionMask</key>
			<string>2147483647</string>
			<key>files</key>
			<array/>
			<key>isa</key>
			<string>PBXFrameworksBuildPhase</string>
			<key>runOnlyForDeploymentPostprocessing</key>
			<string>0</string>
		</dict>
		<key>9D4B052B1D345E10004FBFA1</key>
		<dict>
			<key>buildActionMask</key>
			<string>2147483647</string>
			<key>files</key>
			<array/>
			<key>isa</key>
			<string>PBXResourcesBuildPhase</string>
			<key>runOnlyForDeploymentPostprocessing</key>
			<string>0</string>
		</dict>
		<key>9D4B052C1D345E10004FBFA1</key>
		<dict>
			<key>buildConfigurationList</key>
			<string>9D4B053C1D345E10004FBFA1</string>
			<key>buildPhases</key>
			<array>
				<string>9D4B05291D345E10004FBFA1</string>
				<string>9D4B052A1D345E10004FBFA1</string>
				<string>9D4B052B1D345E10004FBFA1</string>
			</array>
			<key>buildRules</key>
			<array/>
			<key>dependencies</key>
			<array>
				<string>9D4B052F1D345E10004FBFA1</string>
			</array>
			<key>isa</key>
			<string>PBXNativeTarget</string>
			<key>name</key>
			<string>SmartHomeUITests</string>
			<key>productName</key>
			<string>SmartHomeUITests</string>
			<key>productReference</key>
			<string>9D4B052D1D345E10004FBFA1</string>
			<key>productType</key>
			<string>com.apple.product-type.bundle.ui-testing</string>
		</dict>
		<key>9D4B052D1D345E10004FBFA1</key>
		<dict>
			<key>explicitFileType</key>
			<string>wrapper.cfbundle</string>
			<key>includeInIndex</key>
			<string>0</string>
			<key>isa</key>
			<string>PBXFileReference</string>
			<key>path</key>
			<string>SmartHomeUITests.xctest</string>
			<key>sourceTree</key>
			<string>BUILT_PRODUCTS_DIR</string>
		</dict>
		<key>9D4B052E1D345E10004FBFA1</key>
		<dict>
			<key>containerPortal</key>
			<string>9D4B04FE1D345E10004FBFA1</string>
			<key>isa</key>
			<string>PBXContainerItemProxy</string>
			<key>proxyType</key>
			<string>1</string>
			<key>remoteGlobalIDString</key>
			<string>9D4B05051D345E10004FBFA1</string>
			<key>remoteInfo</key>
			<string>SmartHome</string>
		</dict>
		<key>9D4B052F1D345E10004FBFA1</key>
		<dict>
			<key>isa</key>
			<string>PBXTargetDependency</string>
			<key>target</key>
			<string>9D4B05051D345E10004FBFA1</string>
			<key>targetProxy</key>
			<string>9D4B052E1D345E10004FBFA1</string>
		</dict>
		<key>9D4B05301D345E10004FBFA1</key>
		<dict>
			<key>children</key>
			<array>
				<string>9D4B05311D345E10004FBFA1</string>
				<string>9D4B05331D345E10004FBFA1</string>
			</array>
			<key>isa</key>
			<string>PBXGroup</string>
			<key>path</key>
			<string>SmartHomeUITests</string>
			<key>sourceTree</key>
			<string>&lt;group&gt;</string>
		</dict>
		<key>9D4B05311D345E10004FBFA1</key>
		<dict>
			<key>isa</key>
			<string>PBXFileReference</string>
			<key>lastKnownFileType</key>
			<string>sourcecode.c.objc</string>
			<key>path</key>
			<string>SmartHomeUITests.m</string>
			<key>sourceTree</key>
			<string>&lt;group&gt;</string>
		</dict>
		<key>9D4B05321D345E10004FBFA1</key>
		<dict>
			<key>fileRef</key>
			<string>9D4B05311D345E10004FBFA1</string>
			<key>isa</key>
			<string>PBXBuildFile</string>
		</dict>
		<key>9D4B05331D345E10004FBFA1</key>
		<dict>
			<key>isa</key>
			<string>PBXFileReference</string>
			<key>lastKnownFileType</key>
			<string>text.plist.xml</string>
			<key>path</key>
			<string>Info.plist</string>
			<key>sourceTree</key>
			<string>&lt;group&gt;</string>
		</dict>
		<key>9D4B05341D345E10004FBFA1</key>
		<dict>
			<key>buildSettings</key>
			<dict>
				<key>ALWAYS_SEARCH_USER_PATHS</key>
				<string>NO</string>
				<key>CLANG_ANALYZER_NONNULL</key>
				<string>YES</string>
				<key>CLANG_CXX_LANGUAGE_STANDARD</key>
				<string>gnu++0x</string>
				<key>CLANG_CXX_LIBRARY</key>
				<string>libc++</string>
				<key>CLANG_ENABLE_MODULES</key>
				<string>YES</string>
				<key>CLANG_ENABLE_OBJC_ARC</key>
				<string>YES</string>
				<key>CLANG_WARN_BOOL_CONVERSION</key>
				<string>YES</string>
				<key>CLANG_WARN_CONSTANT_CONVERSION</key>
				<string>YES</string>
				<key>CLANG_WARN_DIRECT_OBJC_ISA_USAGE</key>
				<string>YES_ERROR</string>
				<key>CLANG_WARN_EMPTY_BODY</key>
				<string>YES</string>
				<key>CLANG_WARN_ENUM_CONVERSION</key>
				<string>YES</string>
				<key>CLANG_WARN_INT_CONVERSION</key>
				<string>YES</string>
				<key>CLANG_WARN_OBJC_ROOT_CLASS</key>
				<string>YES_ERROR</string>
				<key>CLANG_WARN_UNREACHABLE_CODE</key>
				<string>YES</string>
				<key>CLANG_WARN__DUPLICATE_METHOD_MATCH</key>
				<string>YES</string>
				<key>CODE_SIGN_IDENTITY[sdk=iphoneos*]</key>
				<string>iPhone Developer</string>
				<key>COPY_PHASE_STRIP</key>
				<string>NO</string>
				<key>DEBUG_INFORMATION_FORMAT</key>
				<string>dwarf</string>
				<key>ENABLE_STRICT_OBJC_MSGSEND</key>
				<string>YES</string>
				<key>ENABLE_TESTABILITY</key>
				<string>YES</string>
				<key>GCC_C_LANGUAGE_STANDARD</key>
				<string>gnu99</string>
				<key>GCC_DYNAMIC_NO_PIC</key>
				<string>NO</string>
				<key>GCC_NO_COMMON_BLOCKS</key>
				<string>YES</string>
				<key>GCC_OPTIMIZATION_LEVEL</key>
				<string>0</string>
				<key>GCC_PREPROCESSOR_DEFINITIONS</key>
				<array>
					<string>DEBUG=1</string>
					<string>$(inherited)</string>
				</array>
				<key>GCC_WARN_64_TO_32_BIT_CONVERSION</key>
				<string>YES</string>
				<key>GCC_WARN_ABOUT_RETURN_TYPE</key>
				<string>YES_ERROR</string>
				<key>GCC_WARN_UNDECLARED_SELECTOR</key>
				<string>YES</string>
				<key>GCC_WARN_UNINITIALIZED_AUTOS</key>
				<string>YES_AGGRESSIVE</string>
				<key>GCC_WARN_UNUSED_FUNCTION</key>
				<string>YES</string>
				<key>GCC_WARN_UNUSED_VARIABLE</key>
				<string>YES</string>
				<key>IPHONEOS_DEPLOYMENT_TARGET</key>
				<string>9.3</string>
				<key>MTL_ENABLE_DEBUG_INFO</key>
				<string>YES</string>
				<key>ONLY_ACTIVE_ARCH</key>
				<string>YES</string>
				<key>SDKROOT</key>
				<string>iphoneos</string>
				<key>TARGETED_DEVICE_FAMILY</key>
				<string>1,2</string>
			</dict>
			<key>isa</key>
			<string>XCBuildConfiguration</string>
			<key>name</key>
			<string>Debug</string>
		</dict>
		<key>9D4B05351D345E10004FBFA1</key>
		<dict>
			<key>buildSettings</key>
			<dict>
				<key>ALWAYS_SEARCH_USER_PATHS</key>
				<string>NO</string>
				<key>CLANG_ANALYZER_NONNULL</key>
				<string>YES</string>
				<key>CLANG_CXX_LANGUAGE_STANDARD</key>
				<string>gnu++0x</string>
				<key>CLANG_CXX_LIBRARY</key>
				<string>libc++</string>
				<key>CLANG_ENABLE_MODULES</key>
				<string>YES</string>
				<key>CLANG_ENABLE_OBJC_ARC</key>
				<string>YES</string>
				<key>CLANG_WARN_BOOL_CONVERSION</key>
				<string>YES</string>
				<key>CLANG_WARN_CONSTANT_CONVERSION</key>
				<string>YES</string>
				<key>CLANG_WARN_DIRECT_OBJC_ISA_USAGE</key>
				<string>YES_ERROR</string>
				<key>CLANG_WARN_EMPTY_BODY</key>
				<string>YES</string>
				<key>CLANG_WARN_ENUM_CONVERSION</key>
				<string>YES</string>
				<key>CLANG_WARN_INT_CONVERSION</key>
				<string>YES</string>
				<key>CLANG_WARN_OBJC_ROOT_CLASS</key>
				<string>YES_ERROR</string>
				<key>CLANG_WARN_UNREACHABLE_CODE</key>
				<string>YES</string>
				<key>CLANG_WARN__DUPLICATE_METHOD_MATCH</key>
				<string>YES</string>
				<key>CODE_SIGN_IDENTITY[sdk=iphoneos*]</key>
				<string>iPhone Developer</string>
				<key>COPY_PHASE_STRIP</key>
				<string>NO</string>
				<key>DEBUG_INFORMATION_FORMAT</key>
				<string>dwarf-with-dsym</string>
				<key>ENABLE_NS_ASSERTIONS</key>
				<string>NO</string>
				<key>ENABLE_STRICT_OBJC_MSGSEND</key>
				<string>YES</string>
				<key>GCC_C_LANGUAGE_STANDARD</key>
				<string>gnu99</string>
				<key>GCC_NO_COMMON_BLOCKS</key>
				<string>YES</string>
				<key>GCC_WARN_64_TO_32_BIT_CONVERSION</key>
				<string>YES</string>
				<key>GCC_WARN_ABOUT_RETURN_TYPE</key>
				<string>YES_ERROR</string>
				<key>GCC_WARN_UNDECLARED_SELECTOR</key>
				<string>YES</string>
				<key>GCC_WARN_UNINITIALIZED_AUTOS</key>
				<string>YES_AGGRESSIVE</string>
				<key>GCC_WARN_UNUSED_FUNCTION</key>
				<string>YES</string>
				<key>GCC_WARN_UNUSED_VARIABLE</key>
				<string>YES</string>
				<key>IPHONEOS_DEPLOYMENT_TARGET</key>
				<string>9.3</string>
				<key>MTL_ENABLE_DEBUG_INFO</key>
				<string>NO</string>
				<key>SDKROOT</key>
				<string>iphoneos</string>
				<key>TARGETED_DEVICE_FAMILY</key>
				<string>1,2</string>
				<key>VALIDATE_PRODUCT</key>
				<string>YES</string>
			</dict>
			<key>isa</key>
			<string>XCBuildConfiguration</string>
			<key>name</key>
			<string>Release</string>
		</dict>
		<key>9D4B05361D345E10004FBFA1</key>
		<dict>
			<key>buildConfigurations</key>
			<array>
				<string>9D4B05371D345E10004FBFA1</string>
				<string>9D4B05381D345E10004FBFA1</string>
			</array>
			<key>defaultConfigurationIsVisible</key>
			<string>0</string>
			<key>defaultConfigurationName</key>
			<string>Release</string>
			<key>isa</key>
			<string>XCConfigurationList</string>
		</dict>
		<key>9D4B05371D345E10004FBFA1</key>
		<dict>
			<key>baseConfigurationReference</key>
			<string>CF3B2D3398881A30D2AEAFAD</string>
			<key>buildSettings</key>
			<dict>
				<key>ASSETCATALOG_COMPILER_APPICON_NAME</key>
				<string>AppIcon</string>
				<key>CODE_SIGN_IDENTITY</key>
				<string>iPhone Developer</string>
				<key>INFOPLIST_FILE</key>
				<string>SmartHome/Info.plist</string>
				<key>IPHONEOS_DEPLOYMENT_TARGET</key>
				<string>8.0</string>
				<key>LD_RUNPATH_SEARCH_PATHS</key>
				<string>$(inherited) @executable_path/Frameworks</string>
				<key>LIBRARY_SEARCH_PATHS</key>
				<array>
					<string>$(inherited)</string>
					<string>$(PROJECT_DIR)/SmartHome</string>
					<string>$(PROJECT_DIR)/SmartHome/Lib</string>
				</array>
				<key>PRODUCT_BUNDLE_IDENTIFIER</key>
				<string>smarthome.ldnet.assem</string>
				<key>PRODUCT_NAME</key>
				<string>$(TARGET_NAME)</string>
				<key>TARGETED_DEVICE_FAMILY</key>
				<string>1,2</string>
			</dict>
			<key>isa</key>
			<string>XCBuildConfiguration</string>
			<key>name</key>
			<string>Debug</string>
		</dict>
		<key>9D4B05381D345E10004FBFA1</key>
		<dict>
			<key>baseConfigurationReference</key>
			<string>9589DDE9AC2B19FE22ACCFBA</string>
			<key>buildSettings</key>
			<dict>
				<key>ASSETCATALOG_COMPILER_APPICON_NAME</key>
				<string>AppIcon</string>
				<key>CODE_SIGN_IDENTITY</key>
				<string>iPhone Developer</string>
				<key>INFOPLIST_FILE</key>
				<string>SmartHome/Info.plist</string>
				<key>IPHONEOS_DEPLOYMENT_TARGET</key>
				<string>8.0</string>
				<key>LD_RUNPATH_SEARCH_PATHS</key>
				<string>$(inherited) @executable_path/Frameworks</string>
				<key>LIBRARY_SEARCH_PATHS</key>
				<array>
					<string>$(inherited)</string>
					<string>$(PROJECT_DIR)/SmartHome</string>
					<string>$(PROJECT_DIR)/SmartHome/Lib</string>
				</array>
				<key>PRODUCT_BUNDLE_IDENTIFIER</key>
				<string>smarthome.ldnet.assem</string>
				<key>PRODUCT_NAME</key>
				<string>$(TARGET_NAME)</string>
				<key>TARGETED_DEVICE_FAMILY</key>
				<string>1,2</string>
			</dict>
			<key>isa</key>
			<string>XCBuildConfiguration</string>
			<key>name</key>
			<string>Release</string>
		</dict>
		<key>9D4B05391D345E10004FBFA1</key>
		<dict>
			<key>buildConfigurations</key>
			<array>
				<string>9D4B053A1D345E10004FBFA1</string>
				<string>9D4B053B1D345E10004FBFA1</string>
			</array>
			<key>defaultConfigurationIsVisible</key>
			<string>0</string>
			<key>defaultConfigurationName</key>
			<string>Release</string>
			<key>isa</key>
			<string>XCConfigurationList</string>
		</dict>
		<key>9D4B053A1D345E10004FBFA1</key>
		<dict>
			<key>buildSettings</key>
			<dict>
				<key>BUNDLE_LOADER</key>
				<string>$(TEST_HOST)</string>
				<key>INFOPLIST_FILE</key>
				<string>SmartHomeTests/Info.plist</string>
				<key>LD_RUNPATH_SEARCH_PATHS</key>
				<string>$(inherited) @executable_path/Frameworks @loader_path/Frameworks</string>
				<key>PRODUCT_BUNDLE_IDENTIFIER</key>
				<string>litong.SmartHomeTests</string>
				<key>PRODUCT_NAME</key>
				<string>$(TARGET_NAME)</string>
				<key>TEST_HOST</key>
				<string>$(BUILT_PRODUCTS_DIR)/SmartHome.app/SmartHome</string>
			</dict>
			<key>isa</key>
			<string>XCBuildConfiguration</string>
			<key>name</key>
			<string>Debug</string>
		</dict>
		<key>9D4B053B1D345E10004FBFA1</key>
		<dict>
			<key>buildSettings</key>
			<dict>
				<key>BUNDLE_LOADER</key>
				<string>$(TEST_HOST)</string>
				<key>INFOPLIST_FILE</key>
				<string>SmartHomeTests/Info.plist</string>
				<key>LD_RUNPATH_SEARCH_PATHS</key>
				<string>$(inherited) @executable_path/Frameworks @loader_path/Frameworks</string>
				<key>PRODUCT_BUNDLE_IDENTIFIER</key>
				<string>litong.SmartHomeTests</string>
				<key>PRODUCT_NAME</key>
				<string>$(TARGET_NAME)</string>
				<key>TEST_HOST</key>
				<string>$(BUILT_PRODUCTS_DIR)/SmartHome.app/SmartHome</string>
			</dict>
			<key>isa</key>
			<string>XCBuildConfiguration</string>
			<key>name</key>
			<string>Release</string>
		</dict>
		<key>9D4B053C1D345E10004FBFA1</key>
		<dict>
			<key>buildConfigurations</key>
			<array>
				<string>9D4B053D1D345E10004FBFA1</string>
				<string>9D4B053E1D345E10004FBFA1</string>
			</array>
			<key>defaultConfigurationIsVisible</key>
			<string>0</string>
			<key>defaultConfigurationName</key>
			<string>Release</string>
			<key>isa</key>
			<string>XCConfigurationList</string>
		</dict>
		<key>9D4B053D1D345E10004FBFA1</key>
		<dict>
			<key>buildSettings</key>
			<dict>
				<key>INFOPLIST_FILE</key>
				<string>SmartHomeUITests/Info.plist</string>
				<key>LD_RUNPATH_SEARCH_PATHS</key>
				<string>$(inherited) @executable_path/Frameworks @loader_path/Frameworks</string>
				<key>PRODUCT_BUNDLE_IDENTIFIER</key>
				<string>litong.SmartHomeUITests</string>
				<key>PRODUCT_NAME</key>
				<string>$(TARGET_NAME)</string>
				<key>TEST_TARGET_NAME</key>
				<string>SmartHome</string>
			</dict>
			<key>isa</key>
			<string>XCBuildConfiguration</string>
			<key>name</key>
			<string>Debug</string>
		</dict>
		<key>9D4B053E1D345E10004FBFA1</key>
		<dict>
			<key>buildSettings</key>
			<dict>
				<key>INFOPLIST_FILE</key>
				<string>SmartHomeUITests/Info.plist</string>
				<key>LD_RUNPATH_SEARCH_PATHS</key>
				<string>$(inherited) @executable_path/Frameworks @loader_path/Frameworks</string>
				<key>PRODUCT_BUNDLE_IDENTIFIER</key>
				<string>litong.SmartHomeUITests</string>
				<key>PRODUCT_NAME</key>
				<string>$(TARGET_NAME)</string>
				<key>TEST_TARGET_NAME</key>
				<string>SmartHome</string>
			</dict>
			<key>isa</key>
			<string>XCBuildConfiguration</string>
			<key>name</key>
			<string>Release</string>
		</dict>
		<key>9D8AADB11D4C1FDC00B63C1B</key>
		<dict>
			<key>fileEncoding</key>
			<string>4</string>
			<key>isa</key>
			<string>PBXFileReference</string>
			<key>lastKnownFileType</key>
			<string>sourcecode.c.h</string>
			<key>path</key>
			<string>SHRequestHelper.h</string>
			<key>sourceTree</key>
			<string>&lt;group&gt;</string>
		</dict>
		<key>9D8AADB21D4C1FDC00B63C1B</key>
		<dict>
			<key>fileEncoding</key>
			<string>4</string>
			<key>isa</key>
			<string>PBXFileReference</string>
			<key>lastKnownFileType</key>
			<string>sourcecode.c.objc</string>
			<key>path</key>
			<string>SHRequestHelper.m</string>
			<key>sourceTree</key>
			<string>&lt;group&gt;</string>
		</dict>
		<key>9D8AADB31D4C1FDC00B63C1B</key>
		<dict>
			<key>fileRef</key>
			<string>9D8AADB21D4C1FDC00B63C1B</string>
			<key>isa</key>
			<string>PBXBuildFile</string>
		</dict>
		<key>9D8AADBC1D4CB66F00B63C1B</key>
		<dict>
			<key>isa</key>
			<string>PBXFileReference</string>
			<key>lastKnownFileType</key>
			<string>sourcecode.c.h</string>
			<key>path</key>
			<string>PAIWebViewController.h</string>
			<key>sourceTree</key>
			<string>&lt;group&gt;</string>
		</dict>
		<key>9D8AADBD1D4CB67300B63C1B</key>
		<dict>
			<key>fileEncoding</key>
			<string>4</string>
			<key>isa</key>
			<string>PBXFileReference</string>
			<key>lastKnownFileType</key>
			<string>sourcecode.c.objc</string>
			<key>path</key>
			<string>PAIWebViewController.m</string>
			<key>sourceTree</key>
			<string>&lt;group&gt;</string>
		</dict>
		<key>9D8AADBE1D4CB67300B63C1B</key>
		<dict>
			<key>fileRef</key>
			<string>9D8AADBD1D4CB67300B63C1B</string>
			<key>isa</key>
			<string>PBXBuildFile</string>
		</dict>
		<key>9D8AADBF1D4CB6F300B63C1B</key>
		<dict>
			<key>fileEncoding</key>
			<string>4</string>
			<key>isa</key>
			<string>PBXFileReference</string>
			<key>lastKnownFileType</key>
			<string>sourcecode.c.h</string>
			<key>path</key>
			<string>SHOperationViewController.h</string>
			<key>sourceTree</key>
			<string>&lt;group&gt;</string>
		</dict>
		<key>9D8AADC01D4CB6F300B63C1B</key>
		<dict>
			<key>fileEncoding</key>
			<string>4</string>
			<key>isa</key>
			<string>PBXFileReference</string>
			<key>lastKnownFileType</key>
			<string>sourcecode.c.objc</string>
			<key>path</key>
			<string>SHOperationViewController.m</string>
			<key>sourceTree</key>
			<string>&lt;group&gt;</string>
		</dict>
		<key>9D8AADC11D4CB6F300B63C1B</key>
		<dict>
			<key>fileRef</key>
			<string>9D8AADC01D4CB6F300B63C1B</string>
			<key>isa</key>
			<string>PBXBuildFile</string>
		</dict>
		<key>9D8AADC21D4D0A9E00B63C1B</key>
		<dict>
			<key>fileEncoding</key>
			<string>4</string>
			<key>isa</key>
			<string>PBXFileReference</string>
			<key>lastKnownFileType</key>
			<string>sourcecode.c.h</string>
			<key>path</key>
			<string>SHBaseViewController.h</string>
			<key>sourceTree</key>
			<string>&lt;group&gt;</string>
		</dict>
		<key>9D8AADC31D4D0A9E00B63C1B</key>
		<dict>
			<key>fileEncoding</key>
			<string>4</string>
			<key>isa</key>
			<string>PBXFileReference</string>
			<key>lastKnownFileType</key>
			<string>sourcecode.c.objc</string>
			<key>path</key>
			<string>SHBaseViewController.m</string>
			<key>sourceTree</key>
			<string>&lt;group&gt;</string>
		</dict>
		<key>9D8AADC41D4D0A9E00B63C1B</key>
		<dict>
			<key>fileRef</key>
			<string>9D8AADC31D4D0A9E00B63C1B</string>
			<key>isa</key>
			<string>PBXBuildFile</string>
		</dict>
		<key>9D8AADC51D4D0F1E00B63C1B</key>
		<dict>
			<key>fileEncoding</key>
			<string>4</string>
			<key>isa</key>
			<string>PBXFileReference</string>
			<key>lastKnownFileType</key>
			<string>file.xib</string>
			<key>path</key>
			<string>SHSetingInputTextCell.xib</string>
			<key>sourceTree</key>
			<string>&lt;group&gt;</string>
		</dict>
		<key>9D8AADC61D4D0F1E00B63C1B</key>
		<dict>
			<key>fileRef</key>
			<string>9D8AADC51D4D0F1E00B63C1B</string>
			<key>isa</key>
			<string>PBXBuildFile</string>
		</dict>
		<key>9D8AADC71D4D229500B63C1B</key>
		<dict>
			<key>fileEncoding</key>
			<string>4</string>
			<key>isa</key>
			<string>PBXFileReference</string>
			<key>lastKnownFileType</key>
			<string>sourcecode.c.h</string>
			<key>path</key>
			<string>SHSettingTextTableViewCell.h</string>
			<key>sourceTree</key>
			<string>&lt;group&gt;</string>
		</dict>
		<key>9D8AADC81D4D229500B63C1B</key>
		<dict>
			<key>fileEncoding</key>
			<string>4</string>
			<key>isa</key>
			<string>PBXFileReference</string>
			<key>lastKnownFileType</key>
			<string>sourcecode.c.objc</string>
			<key>path</key>
			<string>SHSettingTextTableViewCell.m</string>
			<key>sourceTree</key>
			<string>&lt;group&gt;</string>
		</dict>
		<key>9D8AADC91D4D229500B63C1B</key>
		<dict>
			<key>fileEncoding</key>
			<string>4</string>
			<key>isa</key>
			<string>PBXFileReference</string>
			<key>lastKnownFileType</key>
			<string>file.xib</string>
			<key>path</key>
			<string>SHSettingTextTableViewCell.xib</string>
			<key>sourceTree</key>
			<string>&lt;group&gt;</string>
		</dict>
		<key>9D8AADCA1D4D229500B63C1B</key>
		<dict>
			<key>fileRef</key>
			<string>9D8AADC81D4D229500B63C1B</string>
			<key>isa</key>
			<string>PBXBuildFile</string>
		</dict>
		<key>9D8AADCB1D4D229500B63C1B</key>
		<dict>
			<key>fileRef</key>
			<string>9D8AADC91D4D229500B63C1B</string>
			<key>isa</key>
			<string>PBXBuildFile</string>
		</dict>
		<key>9D8AADCC1D4D2CF900B63C1B</key>
		<dict>
			<key>fileEncoding</key>
			<string>4</string>
			<key>isa</key>
			<string>PBXFileReference</string>
			<key>lastKnownFileType</key>
			<string>sourcecode.c.h</string>
			<key>path</key>
			<string>NSString+getSize.h</string>
			<key>sourceTree</key>
			<string>&lt;group&gt;</string>
		</dict>
		<key>9D8AADCD1D4D2CF900B63C1B</key>
		<dict>
			<key>fileEncoding</key>
			<string>4</string>
			<key>isa</key>
			<string>PBXFileReference</string>
			<key>lastKnownFileType</key>
			<string>sourcecode.c.objc</string>
			<key>path</key>
			<string>NSString+getSize.m</string>
			<key>sourceTree</key>
			<string>&lt;group&gt;</string>
		</dict>
		<key>9D8AADCE1D4D2CF900B63C1B</key>
		<dict>
			<key>fileRef</key>
			<string>9D8AADCD1D4D2CF900B63C1B</string>
			<key>isa</key>
			<string>PBXBuildFile</string>
		</dict>
		<key>9D8AADCF1D4D333100B63C1B</key>
		<dict>
			<key>fileEncoding</key>
			<string>4</string>
			<key>isa</key>
			<string>PBXFileReference</string>
			<key>lastKnownFileType</key>
			<string>sourcecode.c.h</string>
			<key>path</key>
			<string>SHSettingFaceBackTableViewCell.h</string>
			<key>sourceTree</key>
			<string>&lt;group&gt;</string>
		</dict>
		<key>9D8AADD01D4D333100B63C1B</key>
		<dict>
			<key>fileEncoding</key>
			<string>4</string>
			<key>isa</key>
			<string>PBXFileReference</string>
			<key>lastKnownFileType</key>
			<string>sourcecode.c.objc</string>
			<key>path</key>
			<string>SHSettingFaceBackTableViewCell.m</string>
			<key>sourceTree</key>
			<string>&lt;group&gt;</string>
		</dict>
		<key>9D8AADD11D4D333100B63C1B</key>
		<dict>
			<key>fileEncoding</key>
			<string>4</string>
			<key>isa</key>
			<string>PBXFileReference</string>
			<key>lastKnownFileType</key>
			<string>file.xib</string>
			<key>path</key>
			<string>SHSettingFaceBackTableViewCell.xib</string>
			<key>sourceTree</key>
			<string>&lt;group&gt;</string>
		</dict>
		<key>9D8AADD21D4D333100B63C1B</key>
		<dict>
			<key>fileRef</key>
			<string>9D8AADD01D4D333100B63C1B</string>
			<key>isa</key>
			<string>PBXBuildFile</string>
		</dict>
		<key>9D8AADD31D4D333100B63C1B</key>
		<dict>
			<key>fileRef</key>
			<string>9D8AADD11D4D333100B63C1B</string>
			<key>isa</key>
			<string>PBXBuildFile</string>
		</dict>
		<key>9D8AADD41D4D432B00B63C1B</key>
		<dict>
			<key>fileEncoding</key>
			<string>4</string>
			<key>isa</key>
			<string>PBXFileReference</string>
			<key>lastKnownFileType</key>
			<string>sourcecode.c.h</string>
			<key>path</key>
			<string>SHAboutUsTableViewCell.h</string>
			<key>sourceTree</key>
			<string>&lt;group&gt;</string>
		</dict>
		<key>9D8AADD51D4D432B00B63C1B</key>
		<dict>
			<key>fileEncoding</key>
			<string>4</string>
			<key>isa</key>
			<string>PBXFileReference</string>
			<key>lastKnownFileType</key>
			<string>sourcecode.c.objc</string>
			<key>path</key>
			<string>SHAboutUsTableViewCell.m</string>
			<key>sourceTree</key>
			<string>&lt;group&gt;</string>
		</dict>
		<key>9D8AADD61D4D432B00B63C1B</key>
		<dict>
			<key>fileEncoding</key>
			<string>4</string>
			<key>isa</key>
			<string>PBXFileReference</string>
			<key>lastKnownFileType</key>
			<string>file.xib</string>
			<key>path</key>
			<string>SHAboutUsTableViewCell.xib</string>
			<key>sourceTree</key>
			<string>&lt;group&gt;</string>
		</dict>
		<key>9D8AADD71D4D432B00B63C1B</key>
		<dict>
			<key>fileRef</key>
			<string>9D8AADD51D4D432B00B63C1B</string>
			<key>isa</key>
			<string>PBXBuildFile</string>
		</dict>
		<key>9D8AADD81D4D432B00B63C1B</key>
		<dict>
			<key>fileRef</key>
			<string>9D8AADD61D4D432B00B63C1B</string>
			<key>isa</key>
			<string>PBXBuildFile</string>
		</dict>
		<key>A04099EA1D4E39C500903210</key>
		<dict>
			<key>children</key>
			<array>
				<string>A04099EB1D4E39C500903210</string>
				<string>A04099EC1D4E39C500903210</string>
			</array>
			<key>isa</key>
			<string>PBXGroup</string>
			<key>path</key>
			<string>baseModel</string>
			<key>sourceTree</key>
			<string>&lt;group&gt;</string>
		</dict>
		<key>A04099EB1D4E39C500903210</key>
		<dict>
			<key>fileEncoding</key>
			<string>4</string>
			<key>isa</key>
			<string>PBXFileReference</string>
			<key>lastKnownFileType</key>
			<string>sourcecode.c.h</string>
			<key>path</key>
			<string>SHDAOModelBase.h</string>
			<key>sourceTree</key>
			<string>&lt;group&gt;</string>
		</dict>
		<key>A04099EC1D4E39C500903210</key>
		<dict>
			<key>fileEncoding</key>
			<string>4</string>
			<key>isa</key>
			<string>PBXFileReference</string>
			<key>lastKnownFileType</key>
			<string>sourcecode.c.objc</string>
			<key>path</key>
			<string>SHDAOModelBase.m</string>
			<key>sourceTree</key>
			<string>&lt;group&gt;</string>
		</dict>
		<key>A04099ED1D4E39C500903210</key>
		<dict>
			<key>fileRef</key>
			<string>A04099EC1D4E39C500903210</string>
			<key>isa</key>
			<string>PBXBuildFile</string>
		</dict>
		<key>A04C1DD61D4B8C2C005A3BAE</key>
		<dict>
			<key>children</key>
			<array>
				<string>A04C1DD71D4B8C2C005A3BAE</string>
				<string>A04C1DD81D4B8C2C005A3BAE</string>
			</array>
			<key>isa</key>
			<string>PBXGroup</string>
			<key>path</key>
			<string>Lib</string>
			<key>sourceTree</key>
			<string>&lt;group&gt;</string>
		</dict>
		<key>A04C1DD71D4B8C2C005A3BAE</key>
		<dict>
			<key>isa</key>
			<string>PBXFileReference</string>
			<key>lastKnownFileType</key>
			<string>archive.ar</string>
			<key>path</key>
			<string>jpush-ios-2.1.8.a</string>
			<key>sourceTree</key>
			<string>&lt;group&gt;</string>
		</dict>
		<key>A04C1DD81D4B8C2C005A3BAE</key>
		<dict>
			<key>fileEncoding</key>
			<string>4</string>
			<key>isa</key>
			<string>PBXFileReference</string>
			<key>lastKnownFileType</key>
			<string>sourcecode.c.h</string>
			<key>path</key>
			<string>JPUSHService.h</string>
			<key>sourceTree</key>
			<string>&lt;group&gt;</string>
		</dict>
		<key>A04C1DD91D4B8C2C005A3BAE</key>
		<dict>
			<key>fileRef</key>
			<string>A04C1DD71D4B8C2C005A3BAE</string>
			<key>isa</key>
			<string>PBXBuildFile</string>
		</dict>
		<key>A04C1DDA1D4B8CC8005A3BAE</key>
		<dict>
			<key>children</key>
			<array>
				<string>A04C1DDC1D4B8CC8005A3BAE</string>
				<string>A04C1DDF1D4B8CC8005A3BAE</string>
				<string>9D8AADC21D4D0A9E00B63C1B</string>
				<string>9D8AADC31D4D0A9E00B63C1B</string>
				<string>9D8AADCC1D4D2CF900B63C1B</string>
				<string>9D8AADCD1D4D2CF900B63C1B</string>
				<string>45EB64AF1D4D9DC0001EAA4E</string>
				<string>45EB64B01D4D9DC0001EAA4E</string>
			</array>
			<key>isa</key>
			<string>PBXGroup</string>
			<key>path</key>
			<string>Utility</string>
			<key>sourceTree</key>
			<string>&lt;group&gt;</string>
		</dict>
		<key>A04C1DDC1D4B8CC8005A3BAE</key>
		<dict>
			<key>children</key>
			<array>
				<string>A04C1DDD1D4B8CC8005A3BAE</string>
				<string>A04C1DDE1D4B8CC8005A3BAE</string>
			</array>
			<key>isa</key>
			<string>PBXGroup</string>
			<key>path</key>
			<string>DeviceHelper</string>
			<key>sourceTree</key>
			<string>&lt;group&gt;</string>
		</dict>
		<key>A04C1DDD1D4B8CC8005A3BAE</key>
		<dict>
			<key>fileEncoding</key>
			<string>4</string>
			<key>isa</key>
			<string>PBXFileReference</string>
			<key>lastKnownFileType</key>
			<string>sourcecode.c.h</string>
			<key>path</key>
			<string>DeviceHelper.h</string>
			<key>sourceTree</key>
			<string>&lt;group&gt;</string>
		</dict>
		<key>A04C1DDE1D4B8CC8005A3BAE</key>
		<dict>
			<key>fileEncoding</key>
			<string>4</string>
			<key>isa</key>
			<string>PBXFileReference</string>
			<key>lastKnownFileType</key>
			<string>sourcecode.c.objc</string>
			<key>path</key>
			<string>DeviceHelper.m</string>
			<key>sourceTree</key>
			<string>&lt;group&gt;</string>
		</dict>
		<key>A04C1DDF1D4B8CC8005A3BAE</key>
		<dict>
			<key>children</key>
			<array>
				<string>A04C1DE01D4B8CC8005A3BAE</string>
				<string>A04C1DE11D4B8CC8005A3BAE</string>
				<string>9D8AADB11D4C1FDC00B63C1B</string>
				<string>9D8AADB21D4C1FDC00B63C1B</string>
			</array>
			<key>isa</key>
			<string>PBXGroup</string>
			<key>path</key>
			<string>SocketHelper</string>
			<key>sourceTree</key>
			<string>&lt;group&gt;</string>
		</dict>
		<key>A04C1DE01D4B8CC8005A3BAE</key>
		<dict>
			<key>fileEncoding</key>
			<string>4</string>
			<key>isa</key>
			<string>PBXFileReference</string>
			<key>lastKnownFileType</key>
			<string>sourcecode.c.h</string>
			<key>path</key>
			<string>SocketHelper.h</string>
			<key>sourceTree</key>
			<string>&lt;group&gt;</string>
		</dict>
		<key>A04C1DE11D4B8CC8005A3BAE</key>
		<dict>
			<key>fileEncoding</key>
			<string>4</string>
			<key>isa</key>
			<string>PBXFileReference</string>
			<key>lastKnownFileType</key>
			<string>sourcecode.c.objc</string>
			<key>path</key>
			<string>SocketHelper.m</string>
			<key>sourceTree</key>
			<string>&lt;group&gt;</string>
		</dict>
		<key>A04C1DE21D4B8CC8005A3BAE</key>
		<dict>
			<key>fileRef</key>
			<string>A04C1DDE1D4B8CC8005A3BAE</string>
			<key>isa</key>
			<string>PBXBuildFile</string>
		</dict>
		<key>A04C1DE31D4B8CC8005A3BAE</key>
		<dict>
			<key>fileRef</key>
			<string>A04C1DE11D4B8CC8005A3BAE</string>
			<key>isa</key>
			<string>PBXBuildFile</string>
		</dict>
		<key>A04C1DEB1D4B8DA5005A3BAE</key>
		<dict>
			<key>children</key>
			<array>
				<string>A04C1DEC1D4B8DA5005A3BAE</string>
				<string>A04C1DEF1D4B8DA5005A3BAE</string>
				<string>A04C1DF01D4B8DA5005A3BAE</string>
			</array>
			<key>isa</key>
			<string>PBXGroup</string>
			<key>path</key>
			<string>Login</string>
			<key>sourceTree</key>
			<string>&lt;group&gt;</string>
		</dict>
		<key>A04C1DEC1D4B8DA5005A3BAE</key>
		<dict>
			<key>children</key>
			<array>
				<string>A04C1DED1D4B8DA5005A3BAE</string>
				<string>A04C1DEE1D4B8DA5005A3BAE</string>
				<string>A0D9CBA11D4C801F0035289D</string>
				<string>A0D9CBA21D4C801F0035289D</string>
			</array>
			<key>isa</key>
			<string>PBXGroup</string>
			<key>path</key>
			<string>Controller</string>
			<key>sourceTree</key>
			<string>&lt;group&gt;</string>
		</dict>
		<key>A04C1DED1D4B8DA5005A3BAE</key>
		<dict>
			<key>fileEncoding</key>
			<string>4</string>
			<key>isa</key>
			<string>PBXFileReference</string>
			<key>lastKnownFileType</key>
			<string>sourcecode.c.h</string>
			<key>path</key>
			<string>SHLoginViewController.h</string>
			<key>sourceTree</key>
			<string>&lt;group&gt;</string>
		</dict>
		<key>A04C1DEE1D4B8DA5005A3BAE</key>
		<dict>
			<key>fileEncoding</key>
			<string>4</string>
			<key>isa</key>
			<string>PBXFileReference</string>
			<key>lastKnownFileType</key>
			<string>sourcecode.c.objc</string>
			<key>path</key>
			<string>SHLoginViewController.m</string>
			<key>sourceTree</key>
			<string>&lt;group&gt;</string>
		</dict>
		<key>A04C1DEF1D4B8DA5005A3BAE</key>
		<dict>
			<key>children</key>
			<array>
				<string>A0D9CB8E1D4C5D1C0035289D</string>
				<string>A0D9CB8F1D4C5D1C0035289D</string>
				<string>A0D9CB911D4C5D320035289D</string>
				<string>A0D9CB921D4C5D320035289D</string>
			</array>
			<key>isa</key>
			<string>PBXGroup</string>
			<key>path</key>
			<string>Model</string>
			<key>sourceTree</key>
			<string>&lt;group&gt;</string>
		</dict>
		<key>A04C1DF01D4B8DA5005A3BAE</key>
		<dict>
			<key>children</key>
			<array/>
			<key>isa</key>
			<string>PBXGroup</string>
			<key>path</key>
			<string>View</string>
			<key>sourceTree</key>
			<string>&lt;group&gt;</string>
		</dict>
		<key>A04C1DF11D4B8DA5005A3BAE</key>
		<dict>
			<key>fileRef</key>
			<string>A04C1DEE1D4B8DA5005A3BAE</string>
			<key>isa</key>
			<string>PBXBuildFile</string>
		</dict>
		<key>A04C1DF21D4B8E86005A3BAE</key>
		<dict>
			<key>children</key>
			<array>
				<string>45EB64B21D4D9E3E001EAA4E</string>
				<string>A04C1DF31D4B8E86005A3BAE</string>
				<string>A04C1DF71D4B8E86005A3BAE</string>
			</array>
			<key>isa</key>
			<string>PBXGroup</string>
			<key>path</key>
			<string>Setting</string>
			<key>sourceTree</key>
			<string>&lt;group&gt;</string>
		</dict>
		<key>A04C1DF31D4B8E86005A3BAE</key>
		<dict>
			<key>children</key>
			<array>
				<string>A04C1DF41D4B8E86005A3BAE</string>
				<string>A04C1DF51D4B8E86005A3BAE</string>
			</array>
			<key>isa</key>
			<string>PBXGroup</string>
			<key>path</key>
			<string>Controller</string>
			<key>sourceTree</key>
			<string>&lt;group&gt;</string>
		</dict>
		<key>A04C1DF41D4B8E86005A3BAE</key>
		<dict>
			<key>fileEncoding</key>
			<string>4</string>
			<key>isa</key>
			<string>PBXFileReference</string>
			<key>lastKnownFileType</key>
			<string>sourcecode.c.h</string>
			<key>path</key>
			<string>SHSettingViewController.h</string>
			<key>sourceTree</key>
			<string>&lt;group&gt;</string>
		</dict>
		<key>A04C1DF51D4B8E86005A3BAE</key>
		<dict>
			<key>fileEncoding</key>
			<string>4</string>
			<key>isa</key>
			<string>PBXFileReference</string>
			<key>lastKnownFileType</key>
			<string>sourcecode.c.objc</string>
			<key>path</key>
			<string>SHSettingViewController.m</string>
			<key>sourceTree</key>
			<string>&lt;group&gt;</string>
		</dict>
		<key>A04C1DF71D4B8E86005A3BAE</key>
		<dict>
			<key>children</key>
			<array>
				<string>A04C1DF81D4B8E86005A3BAE</string>
				<string>A04C1DF91D4B8E86005A3BAE</string>
				<string>A04C1DFA1D4B8E86005A3BAE</string>
				<string>A04C1DFD1D4B8E86005A3BAE</string>
				<string>A04C1DFE1D4B8E86005A3BAE</string>
				<string>9D8AADC51D4D0F1E00B63C1B</string>
				<string>A04C1E001D4B8E86005A3BAE</string>
				<string>A04C1E011D4B8E86005A3BAE</string>
				<string>A04C1E021D4B8E86005A3BAE</string>
				<string>A04C1E031D4B8E86005A3BAE</string>
				<string>A04C1E041D4B8E86005A3BAE</string>
				<string>A04C1E051D4B8E86005A3BAE</string>
				<string>9D8AADC71D4D229500B63C1B</string>
				<string>9D8AADC81D4D229500B63C1B</string>
				<string>9D8AADC91D4D229500B63C1B</string>
				<string>9D8AADCF1D4D333100B63C1B</string>
				<string>9D8AADD01D4D333100B63C1B</string>
				<string>9D8AADD11D4D333100B63C1B</string>
				<string>9D8AADD41D4D432B00B63C1B</string>
				<string>9D8AADD51D4D432B00B63C1B</string>
				<string>9D8AADD61D4D432B00B63C1B</string>
			</array>
			<key>isa</key>
			<string>PBXGroup</string>
			<key>path</key>
			<string>View</string>
			<key>sourceTree</key>
			<string>&lt;group&gt;</string>
		</dict>
		<key>A04C1DF81D4B8E86005A3BAE</key>
		<dict>
			<key>fileEncoding</key>
			<string>4</string>
			<key>isa</key>
			<string>PBXFileReference</string>
			<key>lastKnownFileType</key>
			<string>sourcecode.c.h</string>
			<key>path</key>
			<string>SHHeaderView.h</string>
			<key>sourceTree</key>
			<string>&lt;group&gt;</string>
		</dict>
		<key>A04C1DF91D4B8E86005A3BAE</key>
		<dict>
			<key>fileEncoding</key>
			<string>4</string>
			<key>isa</key>
			<string>PBXFileReference</string>
			<key>lastKnownFileType</key>
			<string>sourcecode.c.objc</string>
			<key>path</key>
			<string>SHHeaderView.m</string>
			<key>sourceTree</key>
			<string>&lt;group&gt;</string>
		</dict>
		<key>A04C1DFA1D4B8E86005A3BAE</key>
		<dict>
			<key>fileEncoding</key>
			<string>4</string>
			<key>isa</key>
			<string>PBXFileReference</string>
			<key>lastKnownFileType</key>
			<string>file.xib</string>
			<key>path</key>
			<string>SHHeaderView.xib</string>
			<key>sourceTree</key>
			<string>&lt;group&gt;</string>
		</dict>
		<key>A04C1DFD1D4B8E86005A3BAE</key>
		<dict>
			<key>fileEncoding</key>
			<string>4</string>
			<key>isa</key>
			<string>PBXFileReference</string>
			<key>lastKnownFileType</key>
			<string>sourcecode.c.h</string>
			<key>path</key>
			<string>SHSetingInputTextCell.h</string>
			<key>sourceTree</key>
			<string>&lt;group&gt;</string>
		</dict>
		<key>A04C1DFE1D4B8E86005A3BAE</key>
		<dict>
			<key>fileEncoding</key>
			<string>4</string>
			<key>isa</key>
			<string>PBXFileReference</string>
			<key>lastKnownFileType</key>
			<string>sourcecode.c.objc</string>
			<key>path</key>
			<string>SHSetingInputTextCell.m</string>
			<key>sourceTree</key>
			<string>&lt;group&gt;</string>
		</dict>
		<key>A04C1E001D4B8E86005A3BAE</key>
		<dict>
			<key>fileEncoding</key>
			<string>4</string>
			<key>isa</key>
			<string>PBXFileReference</string>
			<key>lastKnownFileType</key>
			<string>sourcecode.c.h</string>
			<key>path</key>
			<string>SHSetingItemTextCell.h</string>
			<key>sourceTree</key>
			<string>&lt;group&gt;</string>
		</dict>
		<key>A04C1E011D4B8E86005A3BAE</key>
		<dict>
			<key>fileEncoding</key>
			<string>4</string>
			<key>isa</key>
			<string>PBXFileReference</string>
			<key>lastKnownFileType</key>
			<string>sourcecode.c.objc</string>
			<key>path</key>
			<string>SHSetingItemTextCell.m</string>
			<key>sourceTree</key>
			<string>&lt;group&gt;</string>
		</dict>
		<key>A04C1E021D4B8E86005A3BAE</key>
		<dict>
			<key>fileEncoding</key>
			<string>4</string>
			<key>isa</key>
			<string>PBXFileReference</string>
			<key>lastKnownFileType</key>
			<string>file.xib</string>
			<key>path</key>
			<string>SHSetingItemTextCell.xib</string>
			<key>sourceTree</key>
			<string>&lt;group&gt;</string>
		</dict>
		<key>A04C1E031D4B8E86005A3BAE</key>
		<dict>
			<key>fileEncoding</key>
			<string>4</string>
			<key>isa</key>
			<string>PBXFileReference</string>
			<key>lastKnownFileType</key>
			<string>sourcecode.c.h</string>
			<key>path</key>
			<string>SHSettingTitleView.h</string>
			<key>sourceTree</key>
			<string>&lt;group&gt;</string>
		</dict>
		<key>A04C1E041D4B8E86005A3BAE</key>
		<dict>
			<key>fileEncoding</key>
			<string>4</string>
			<key>isa</key>
			<string>PBXFileReference</string>
			<key>lastKnownFileType</key>
			<string>sourcecode.c.objc</string>
			<key>path</key>
			<string>SHSettingTitleView.m</string>
			<key>sourceTree</key>
			<string>&lt;group&gt;</string>
		</dict>
		<key>A04C1E051D4B8E86005A3BAE</key>
		<dict>
			<key>fileEncoding</key>
			<string>4</string>
			<key>isa</key>
			<string>PBXFileReference</string>
			<key>lastKnownFileType</key>
			<string>file.xib</string>
			<key>path</key>
			<string>SHSettingTitleView.xib</string>
			<key>sourceTree</key>
			<string>&lt;group&gt;</string>
		</dict>
		<key>A04C1E061D4B8E86005A3BAE</key>
		<dict>
			<key>fileRef</key>
			<string>A04C1DF51D4B8E86005A3BAE</string>
			<key>isa</key>
			<string>PBXBuildFile</string>
		</dict>
		<key>A04C1E071D4B8E86005A3BAE</key>
		<dict>
			<key>fileRef</key>
			<string>A04C1DF91D4B8E86005A3BAE</string>
			<key>isa</key>
			<string>PBXBuildFile</string>
		</dict>
		<key>A04C1E081D4B8E86005A3BAE</key>
		<dict>
			<key>fileRef</key>
			<string>A04C1DFA1D4B8E86005A3BAE</string>
			<key>isa</key>
			<string>PBXBuildFile</string>
		</dict>
		<key>A04C1E0A1D4B8E86005A3BAE</key>
		<dict>
			<key>fileRef</key>
			<string>A04C1DFE1D4B8E86005A3BAE</string>
			<key>isa</key>
			<string>PBXBuildFile</string>
		</dict>
		<key>A04C1E0C1D4B8E86005A3BAE</key>
		<dict>
			<key>fileRef</key>
			<string>A04C1E011D4B8E86005A3BAE</string>
			<key>isa</key>
			<string>PBXBuildFile</string>
		</dict>
		<key>A04C1E0D1D4B8E86005A3BAE</key>
		<dict>
			<key>fileRef</key>
			<string>A04C1E021D4B8E86005A3BAE</string>
			<key>isa</key>
			<string>PBXBuildFile</string>
		</dict>
		<key>A04C1E0E1D4B8E86005A3BAE</key>
		<dict>
			<key>fileRef</key>
			<string>A04C1E041D4B8E86005A3BAE</string>
			<key>isa</key>
			<string>PBXBuildFile</string>
		</dict>
		<key>A04C1E0F1D4B8E86005A3BAE</key>
		<dict>
			<key>fileRef</key>
			<string>A04C1E051D4B8E86005A3BAE</string>
			<key>isa</key>
			<string>PBXBuildFile</string>
		</dict>
		<key>A04C1E101D4B8F1B005A3BAE</key>
		<dict>
			<key>children</key>
			<array>
				<string>A0D9CC161D4CF02F0035289D</string>
				<string>A0D9CC171D4CF02F0035289D</string>
				<string>A04C1E111D4B8F1B005A3BAE</string>
				<string>A04C1E141D4B8F1B005A3BAE</string>
				<string>A04C1E151D4B8F1B005A3BAE</string>
			</array>
			<key>isa</key>
			<string>PBXGroup</string>
			<key>path</key>
			<string>Operation</string>
			<key>sourceTree</key>
			<string>&lt;group&gt;</string>
		</dict>
		<key>A04C1E111D4B8F1B005A3BAE</key>
		<dict>
			<key>children</key>
			<array>
				<string>9D8AADBC1D4CB66F00B63C1B</string>
				<string>9D8AADBD1D4CB67300B63C1B</string>
				<string>9D8AADBF1D4CB6F300B63C1B</string>
				<string>9D8AADC01D4CB6F300B63C1B</string>
			</array>
			<key>isa</key>
			<string>PBXGroup</string>
			<key>path</key>
			<string>Controller</string>
			<key>sourceTree</key>
			<string>&lt;group&gt;</string>
		</dict>
		<key>A04C1E141D4B8F1B005A3BAE</key>
		<dict>
			<key>children</key>
			<array/>
			<key>isa</key>
			<string>PBXGroup</string>
			<key>path</key>
			<string>Model</string>
			<key>sourceTree</key>
			<string>&lt;group&gt;</string>
		</dict>
		<key>A04C1E151D4B8F1B005A3BAE</key>
		<dict>
			<key>children</key>
			<array/>
			<key>isa</key>
			<string>PBXGroup</string>
			<key>path</key>
			<string>View</string>
			<key>sourceTree</key>
			<string>&lt;group&gt;</string>
		</dict>
		<key>A04C1E171D4B8F2C005A3BAE</key>
		<dict>
			<key>children</key>
			<array>
				<string>A0D9CB941D4C5FFD0035289D</string>
				<string>A04C1E181D4B8F2C005A3BAE</string>
				<string>A04C1E191D4B8F2C005A3BAE</string>
			</array>
			<key>isa</key>
			<string>PBXGroup</string>
			<key>path</key>
			<string>Define</string>
			<key>sourceTree</key>
			<string>&lt;group&gt;</string>
		</dict>
		<key>A04C1E181D4B8F2C005A3BAE</key>
		<dict>
			<key>fileEncoding</key>
			<string>4</string>
			<key>isa</key>
			<string>PBXFileReference</string>
			<key>lastKnownFileType</key>
			<string>sourcecode.c.h</string>
			<key>path</key>
			<string>SHDefine.h</string>
			<key>sourceTree</key>
			<string>&lt;group&gt;</string>
		</dict>
		<key>A04C1E191D4B8F2C005A3BAE</key>
		<dict>
			<key>fileEncoding</key>
			<string>4</string>
			<key>isa</key>
			<string>PBXFileReference</string>
			<key>lastKnownFileType</key>
			<string>sourcecode.c.h</string>
			<key>path</key>
			<string>SHServerDefine.h</string>
			<key>sourceTree</key>
			<string>&lt;group&gt;</string>
		</dict>
		<key>A0D9CB8E1D4C5D1C0035289D</key>
		<dict>
			<key>fileEncoding</key>
			<string>4</string>
			<key>isa</key>
			<string>PBXFileReference</string>
			<key>lastKnownFileType</key>
			<string>sourcecode.c.h</string>
			<key>path</key>
			<string>SHUserModel.h</string>
			<key>sourceTree</key>
			<string>&lt;group&gt;</string>
		</dict>
		<key>A0D9CB8F1D4C5D1C0035289D</key>
		<dict>
			<key>fileEncoding</key>
			<string>4</string>
			<key>isa</key>
			<string>PBXFileReference</string>
			<key>lastKnownFileType</key>
			<string>sourcecode.c.objc</string>
			<key>path</key>
			<string>SHUserModel.m</string>
			<key>sourceTree</key>
			<string>&lt;group&gt;</string>
		</dict>
		<key>A0D9CB901D4C5D1C0035289D</key>
		<dict>
			<key>fileRef</key>
			<string>A0D9CB8F1D4C5D1C0035289D</string>
			<key>isa</key>
			<string>PBXBuildFile</string>
		</dict>
		<key>A0D9CB911D4C5D320035289D</key>
		<dict>
			<key>fileEncoding</key>
			<string>4</string>
			<key>isa</key>
			<string>PBXFileReference</string>
			<key>lastKnownFileType</key>
			<string>sourcecode.c.h</string>
			<key>path</key>
			<string>SHUserManager.h</string>
			<key>sourceTree</key>
			<string>&lt;group&gt;</string>
		</dict>
		<key>A0D9CB921D4C5D320035289D</key>
		<dict>
			<key>fileEncoding</key>
			<string>4</string>
			<key>isa</key>
			<string>PBXFileReference</string>
			<key>lastKnownFileType</key>
			<string>sourcecode.c.objc</string>
			<key>path</key>
			<string>SHUserManager.m</string>
			<key>sourceTree</key>
			<string>&lt;group&gt;</string>
		</dict>
		<key>A0D9CB931D4C5D320035289D</key>
		<dict>
			<key>fileRef</key>
			<string>A0D9CB921D4C5D320035289D</string>
			<key>isa</key>
			<string>PBXBuildFile</string>
		</dict>
		<key>A0D9CB941D4C5FFD0035289D</key>
		<dict>
			<key>fileEncoding</key>
			<string>4</string>
			<key>isa</key>
			<string>PBXFileReference</string>
			<key>lastKnownFileType</key>
			<string>sourcecode.c.h</string>
			<key>path</key>
			<string>ChangeSeverDefine.h</string>
			<key>sourceTree</key>
			<string>&lt;group&gt;</string>
		</dict>
		<key>A0D9CB951D4C603D0035289D</key>
		<dict>
			<key>children</key>
			<array>
				<string>45EB64AC1D4D9DA3001EAA4E</string>
				<string>45EB64AD1D4D9DA3001EAA4E</string>
				<string>A0D9CBA41D4CB7EE0035289D</string>
				<string>A0D9CBA51D4CB7EE0035289D</string>
				<string>A0D9CBA71D4CB9E30035289D</string>
				<string>A0D9CBA81D4CB9EF0035289D</string>
				<string>A0D9CB991D4C614A0035289D</string>
				<string>A04099EA1D4E39C500903210</string>
				<string>A0D9CB9A1D4C63C50035289D</string>
			</array>
			<key>isa</key>
			<string>PBXGroup</string>
			<key>path</key>
			<string>Common</string>
			<key>sourceTree</key>
			<string>&lt;group&gt;</string>
		</dict>
		<key>A0D9CB991D4C614A0035289D</key>
		<dict>
			<key>isa</key>
			<string>PBXFileReference</string>
			<key>lastKnownFileType</key>
			<string>sourcecode.c.h</string>
			<key>path</key>
			<string>SHCommonHeader.h</string>
			<key>sourceTree</key>
			<string>&lt;group&gt;</string>
		</dict>
		<key>A0D9CB9A1D4C63C50035289D</key>
		<dict>
			<key>children</key>
			<array>
				<string>A0D9CB9B1D4C63C50035289D</string>
				<string>A0D9CB9C1D4C63C50035289D</string>
				<string>A0D9CB9D1D4C63C50035289D</string>
				<string>A0D9CB9E1D4C63C50035289D</string>
			</array>
			<key>isa</key>
			<string>PBXGroup</string>
			<key>path</key>
			<string>Category</string>
			<key>sourceTree</key>
			<string>&lt;group&gt;</string>
		</dict>
		<key>A0D9CB9B1D4C63C50035289D</key>
		<dict>
			<key>fileEncoding</key>
			<string>4</string>
			<key>isa</key>
			<string>PBXFileReference</string>
			<key>lastKnownFileType</key>
			<string>sourcecode.c.h</string>
			<key>path</key>
			<string>NSArray+Extension.h</string>
			<key>sourceTree</key>
			<string>&lt;group&gt;</string>
		</dict>
		<key>A0D9CB9C1D4C63C50035289D</key>
		<dict>
			<key>fileEncoding</key>
			<string>4</string>
			<key>isa</key>
			<string>PBXFileReference</string>
			<key>lastKnownFileType</key>
			<string>sourcecode.c.objc</string>
			<key>path</key>
			<string>NSArray+Extension.m</string>
			<key>sourceTree</key>
			<string>&lt;group&gt;</string>
		</dict>
		<key>A0D9CB9D1D4C63C50035289D</key>
		<dict>
			<key>fileEncoding</key>
			<string>4</string>
			<key>isa</key>
			<string>PBXFileReference</string>
			<key>lastKnownFileType</key>
			<string>sourcecode.c.h</string>
			<key>path</key>
			<string>UIView+Extension.h</string>
			<key>sourceTree</key>
			<string>&lt;group&gt;</string>
		</dict>
		<key>A0D9CB9E1D4C63C50035289D</key>
		<dict>
			<key>fileEncoding</key>
			<string>4</string>
			<key>isa</key>
			<string>PBXFileReference</string>
			<key>lastKnownFileType</key>
			<string>sourcecode.c.objc</string>
			<key>path</key>
			<string>UIView+Extension.m</string>
			<key>sourceTree</key>
			<string>&lt;group&gt;</string>
		</dict>
		<key>A0D9CB9F1D4C63C50035289D</key>
		<dict>
			<key>fileRef</key>
			<string>A0D9CB9C1D4C63C50035289D</string>
			<key>isa</key>
			<string>PBXBuildFile</string>
		</dict>
		<key>A0D9CBA01D4C63C50035289D</key>
		<dict>
			<key>fileRef</key>
			<string>A0D9CB9E1D4C63C50035289D</string>
			<key>isa</key>
			<string>PBXBuildFile</string>
		</dict>
		<key>A0D9CBA11D4C801F0035289D</key>
		<dict>
			<key>fileEncoding</key>
			<string>4</string>
			<key>isa</key>
			<string>PBXFileReference</string>
			<key>lastKnownFileType</key>
			<string>sourcecode.c.h</string>
			<key>path</key>
			<string>SHRegisterViewController.h</string>
			<key>sourceTree</key>
			<string>&lt;group&gt;</string>
		</dict>
		<key>A0D9CBA21D4C801F0035289D</key>
		<dict>
			<key>fileEncoding</key>
			<string>4</string>
			<key>isa</key>
			<string>PBXFileReference</string>
			<key>lastKnownFileType</key>
			<string>sourcecode.c.objc</string>
			<key>path</key>
			<string>SHRegisterViewController.m</string>
			<key>sourceTree</key>
			<string>&lt;group&gt;</string>
		</dict>
		<key>A0D9CBA31D4C801F0035289D</key>
		<dict>
			<key>fileRef</key>
			<string>A0D9CBA21D4C801F0035289D</string>
			<key>isa</key>
			<string>PBXBuildFile</string>
		</dict>
		<key>A0D9CBA41D4CB7EE0035289D</key>
		<dict>
			<key>fileEncoding</key>
			<string>4</string>
			<key>isa</key>
			<string>PBXFileReference</string>
			<key>lastKnownFileType</key>
			<string>sourcecode.c.h</string>
			<key>path</key>
			<string>SHCommonFun.h</string>
			<key>sourceTree</key>
			<string>&lt;group&gt;</string>
		</dict>
		<key>A0D9CBA51D4CB7EE0035289D</key>
		<dict>
			<key>fileEncoding</key>
			<string>4</string>
			<key>isa</key>
			<string>PBXFileReference</string>
			<key>lastKnownFileType</key>
			<string>sourcecode.c.objc</string>
			<key>path</key>
			<string>SHCommonFun.m</string>
			<key>sourceTree</key>
			<string>&lt;group&gt;</string>
		</dict>
		<key>A0D9CBA61D4CB7EE0035289D</key>
		<dict>
			<key>fileRef</key>
			<string>A0D9CBA51D4CB7EE0035289D</string>
			<key>isa</key>
			<string>PBXBuildFile</string>
		</dict>
		<key>A0D9CBA71D4CB9E30035289D</key>
		<dict>
			<key>fileEncoding</key>
			<string>4</string>
			<key>isa</key>
			<string>PBXFileReference</string>
			<key>lastKnownFileType</key>
			<string>sourcecode.c.h</string>
			<key>path</key>
			<string>SHLoginManager.h</string>
			<key>sourceTree</key>
			<string>&lt;group&gt;</string>
		</dict>
		<key>A0D9CBA81D4CB9EF0035289D</key>
		<dict>
			<key>fileEncoding</key>
			<string>4</string>
			<key>isa</key>
			<string>PBXFileReference</string>
			<key>lastKnownFileType</key>
			<string>sourcecode.c.objc</string>
			<key>path</key>
			<string>SHLoginManager.m</string>
			<key>sourceTree</key>
			<string>&lt;group&gt;</string>
		</dict>
		<key>A0D9CBA91D4CB9EF0035289D</key>
		<dict>
			<key>fileRef</key>
			<string>A0D9CBA81D4CB9EF0035289D</string>
			<key>isa</key>
			<string>PBXBuildFile</string>
		</dict>
		<key>A0D9CBAA1D4CEFA70035289D</key>
		<dict>
			<key>children</key>
			<array>
				<string>A0D9CBAB1D4CEFA70035289D</string>
				<string>A0D9CBE11D4CEFA70035289D</string>
				<string>A0D9CBE31D4CEFA70035289D</string>
			</array>
			<key>isa</key>
			<string>PBXGroup</string>
			<key>path</key>
			<string>Home</string>
			<key>sourceTree</key>
			<string>&lt;group&gt;</string>
		</dict>
		<key>A0D9CBAB1D4CEFA70035289D</key>
		<dict>
			<key>children</key>
			<array>
				<string>A0D9CBAC1D4CEFA70035289D</string>
				<string>A0D9CBAD1D4CEFA70035289D</string>
				<string>A0D9CC1A1D4CF1520035289D</string>
				<string>A0D9CC1B1D4CF1520035289D</string>
			</array>
			<key>isa</key>
			<string>PBXGroup</string>
			<key>path</key>
			<string>Controller</string>
			<key>sourceTree</key>
			<string>&lt;group&gt;</string>
		</dict>
		<key>A0D9CBAC1D4CEFA70035289D</key>
		<dict>
			<key>fileEncoding</key>
			<string>4</string>
			<key>isa</key>
			<string>PBXFileReference</string>
			<key>lastKnownFileType</key>
			<string>sourcecode.c.h</string>
			<key>path</key>
			<string>SHHomeViewController.h</string>
			<key>sourceTree</key>
			<string>&lt;group&gt;</string>
		</dict>
		<key>A0D9CBAD1D4CEFA70035289D</key>
		<dict>
			<key>fileEncoding</key>
			<string>4</string>
			<key>isa</key>
			<string>PBXFileReference</string>
			<key>lastKnownFileType</key>
			<string>sourcecode.c.objc</string>
			<key>path</key>
			<string>SHHomeViewController.m</string>
			<key>sourceTree</key>
			<string>&lt;group&gt;</string>
		</dict>
		<key>A0D9CBE11D4CEFA70035289D</key>
		<dict>
			<key>children</key>
			<array>
				<string>A0D9CC1D1D4CF1B00035289D</string>
				<string>A0D9CC1E1D4CF1B00035289D</string>
			</array>
			<key>isa</key>
			<string>PBXGroup</string>
			<key>path</key>
			<string>Model</string>
			<key>sourceTree</key>
			<string>&lt;group&gt;</string>
		</dict>
		<key>A0D9CBE31D4CEFA70035289D</key>
		<dict>
			<key>children</key>
			<array>
				<string>A0D9CC201D4CF1C50035289D</string>
				<string>A0D9CC211D4CF1C50035289D</string>
			</array>
			<key>isa</key>
			<string>PBXGroup</string>
			<key>path</key>
			<string>View</string>
			<key>sourceTree</key>
			<string>&lt;group&gt;</string>
		</dict>
		<key>A0D9CBE41D4CEFA70035289D</key>
		<dict>
			<key>fileRef</key>
			<string>A0D9CBAD1D4CEFA70035289D</string>
			<key>isa</key>
			<string>PBXBuildFile</string>
		</dict>
		<key>A0D9CC161D4CF02F0035289D</key>
		<dict>
			<key>isa</key>
			<string>PBXFileReference</string>
			<key>lastKnownFileType</key>
			<string>folder</string>
			<key>path</key>
			<string>html</string>
			<key>sourceTree</key>
			<string>&lt;group&gt;</string>
		</dict>
		<key>A0D9CC171D4CF02F0035289D</key>
		<dict>
			<key>fileEncoding</key>
			<string>4</string>
			<key>isa</key>
			<string>PBXFileReference</string>
			<key>lastKnownFileType</key>
			<string>text.html</string>
			<key>path</key>
			<string>operation.html</string>
			<key>sourceTree</key>
			<string>&lt;group&gt;</string>
		</dict>
		<key>A0D9CC181D4CF02F0035289D</key>
		<dict>
			<key>fileRef</key>
			<string>A0D9CC161D4CF02F0035289D</string>
			<key>isa</key>
			<string>PBXBuildFile</string>
		</dict>
		<key>A0D9CC191D4CF02F0035289D</key>
		<dict>
			<key>fileRef</key>
			<string>A0D9CC171D4CF02F0035289D</string>
			<key>isa</key>
			<string>PBXBuildFile</string>
		</dict>
		<key>A0D9CC1A1D4CF1520035289D</key>
		<dict>
			<key>fileEncoding</key>
			<string>4</string>
			<key>isa</key>
			<string>PBXFileReference</string>
			<key>lastKnownFileType</key>
			<string>sourcecode.c.h</string>
			<key>path</key>
			<string>SHMessageViewController.h</string>
			<key>sourceTree</key>
			<string>&lt;group&gt;</string>
		</dict>
		<key>A0D9CC1B1D4CF1520035289D</key>
		<dict>
			<key>fileEncoding</key>
			<string>4</string>
			<key>isa</key>
			<string>PBXFileReference</string>
			<key>lastKnownFileType</key>
			<string>sourcecode.c.objc</string>
			<key>path</key>
			<string>SHMessageViewController.m</string>
			<key>sourceTree</key>
			<string>&lt;group&gt;</string>
		</dict>
		<key>A0D9CC1C1D4CF1520035289D</key>
		<dict>
			<key>fileRef</key>
			<string>A0D9CC1B1D4CF1520035289D</string>
			<key>isa</key>
			<string>PBXBuildFile</string>
		</dict>
		<key>A0D9CC1D1D4CF1B00035289D</key>
		<dict>
			<key>fileEncoding</key>
			<string>4</string>
			<key>isa</key>
			<string>PBXFileReference</string>
			<key>lastKnownFileType</key>
			<string>sourcecode.c.h</string>
			<key>path</key>
			<string>SHMessageModel.h</string>
			<key>sourceTree</key>
			<string>&lt;group&gt;</string>
		</dict>
		<key>A0D9CC1E1D4CF1B00035289D</key>
		<dict>
			<key>fileEncoding</key>
			<string>4</string>
			<key>isa</key>
			<string>PBXFileReference</string>
			<key>lastKnownFileType</key>
			<string>sourcecode.c.objc</string>
			<key>path</key>
			<string>SHMessageModel.m</string>
			<key>sourceTree</key>
			<string>&lt;group&gt;</string>
		</dict>
		<key>A0D9CC1F1D4CF1B00035289D</key>
		<dict>
			<key>fileRef</key>
			<string>A0D9CC1E1D4CF1B00035289D</string>
			<key>isa</key>
			<string>PBXBuildFile</string>
		</dict>
		<key>A0D9CC201D4CF1C50035289D</key>
		<dict>
			<key>fileEncoding</key>
			<string>4</string>
			<key>isa</key>
			<string>PBXFileReference</string>
			<key>lastKnownFileType</key>
			<string>sourcecode.c.h</string>
			<key>path</key>
			<string>SHMessageCell.h</string>
			<key>sourceTree</key>
			<string>&lt;group&gt;</string>
		</dict>
		<key>A0D9CC211D4CF1C50035289D</key>
		<dict>
			<key>fileEncoding</key>
			<string>4</string>
			<key>isa</key>
			<string>PBXFileReference</string>
			<key>lastKnownFileType</key>
			<string>sourcecode.c.objc</string>
			<key>path</key>
			<string>SHMessageCell.m</string>
			<key>sourceTree</key>
			<string>&lt;group&gt;</string>
		</dict>
		<key>A0D9CC221D4CF1C50035289D</key>
		<dict>
			<key>fileRef</key>
			<string>A0D9CC211D4CF1C50035289D</string>
			<key>isa</key>
			<string>PBXBuildFile</string>
		</dict>
		<key>B2DEEE39501D3A5271F4FCC7</key>
		<dict>
			<key>buildActionMask</key>
			<string>2147483647</string>
			<key>files</key>
			<array/>
			<key>inputPaths</key>
			<array/>
			<key>isa</key>
			<string>PBXShellScriptBuildPhase</string>
			<key>name</key>
			<string>[CP] Copy Pods Resources</string>
			<key>outputPaths</key>
			<array/>
			<key>runOnlyForDeploymentPostprocessing</key>
			<string>0</string>
			<key>shellPath</key>
			<string>/bin/sh</string>
			<key>shellScript</key>
			<string>"${SRCROOT}/Pods/Target Support Files/Pods-SmartHome/Pods-SmartHome-resources.sh"
</string>
			<key>showEnvVarsInLog</key>
			<string>0</string>
		</dict>
		<key>BBF66BC7A2E65ED327D88728</key>
		<dict>
			<key>children</key>
			<array>
				<string>CF3B2D3398881A30D2AEAFAD</string>
				<string>9589DDE9AC2B19FE22ACCFBA</string>
			</array>
			<key>isa</key>
			<string>PBXGroup</string>
			<key>name</key>
			<string>Pods</string>
			<key>sourceTree</key>
			<string>&lt;group&gt;</string>
		</dict>
		<key>CF3B2D3398881A30D2AEAFAD</key>
		<dict>
			<key>includeInIndex</key>
			<string>1</string>
			<key>isa</key>
			<string>PBXFileReference</string>
			<key>lastKnownFileType</key>
			<string>text.xcconfig</string>
			<key>name</key>
			<string>Pods-SmartHome.debug.xcconfig</string>
			<key>path</key>
			<string>Pods/Target Support Files/Pods-SmartHome/Pods-SmartHome.debug.xcconfig</string>
			<key>sourceTree</key>
			<string>&lt;group&gt;</string>
		</dict>
		<key>DC6A3F43F6AA9430B35B792D</key>
		<dict>
			<key>buildActionMask</key>
			<string>2147483647</string>
			<key>files</key>
			<array/>
			<key>inputPaths</key>
			<array/>
			<key>isa</key>
			<string>PBXShellScriptBuildPhase</string>
			<key>name</key>
			<string>[CP] Check Pods Manifest.lock</string>
			<key>outputPaths</key>
			<array/>
			<key>runOnlyForDeploymentPostprocessing</key>
			<string>0</string>
			<key>shellPath</key>
			<string>/bin/sh</string>
			<key>shellScript</key>
			<string>diff "${PODS_ROOT}/../Podfile.lock" "${PODS_ROOT}/Manifest.lock" &gt; /dev/null
if [[ $? != 0 ]] ; then
    cat &lt;&lt; EOM
error: The sandbox is not in sync with the Podfile.lock. Run 'pod install' or update your CocoaPods installation.
EOM
    exit 1
fi
</string>
			<key>showEnvVarsInLog</key>
			<string>0</string>
		</dict>
	</dict>
	<key>rootObject</key>
	<string>9D4B04FE1D345E10004FBFA1</string>
</dict>
</plist>
