// !$*UTF8*$!
{
	archiveVersion = 1;
	classes = {
	};
	objectVersion = 46;
	objects = {

/* Begin PBXBuildFile section */
		451E962F1D485C7400626519 /* SHSetingInputTextCell.m in Sources */ = {isa = PBXBuildFile; fileRef = 451E962E1D485C7400626519 /* SHSetingInputTextCell.m */; };
		451E96321D485D0B00626519 /* SHSetingItemTextCell.m in Sources */ = {isa = PBXBuildFile; fileRef = 451E96311D485D0B00626519 /* SHSetingItemTextCell.m */; };
		451E96351D485D3F00626519 /* SHSetingInputTextCell.xib in Resources */ = {isa = PBXBuildFile; fileRef = 451E96341D485D3F00626519 /* SHSetingInputTextCell.xib */; };
		451E96371D485D6E00626519 /* SHSetingItemTextCell.xib in Resources */ = {isa = PBXBuildFile; fileRef = 451E96361D485D6E00626519 /* SHSetingItemTextCell.xib */; };
		451E96401D48884100626519 /* Bell@2x.png in Resources */ = {isa = PBXBuildFile; fileRef = 451E96381D48884100626519 /* Bell@2x.png */; };
		451E96411D48884100626519 /* Bell@3x.png in Resources */ = {isa = PBXBuildFile; fileRef = 451E96391D48884100626519 /* Bell@3x.png */; };
		451E96421D48884100626519 /* Home@2x.png in Resources */ = {isa = PBXBuildFile; fileRef = 451E963A1D48884100626519 /* Home@2x.png */; };
		451E96431D48884100626519 /* Home@3x.png in Resources */ = {isa = PBXBuildFile; fileRef = 451E963B1D48884100626519 /* Home@3x.png */; };
		451E96441D48884100626519 /* Phone@2x.png in Resources */ = {isa = PBXBuildFile; fileRef = 451E963C1D48884100626519 /* Phone@2x.png */; };
		451E96451D48884100626519 /* Phone@3x.png in Resources */ = {isa = PBXBuildFile; fileRef = 451E963D1D48884100626519 /* Phone@3x.png */; };
		451E96461D48884100626519 /* projector_L@2x.png in Resources */ = {isa = PBXBuildFile; fileRef = 451E963E1D48884100626519 /* projector_L@2x.png */; };
		451E96471D48884100626519 /* projector_L@3x.png in Resources */ = {isa = PBXBuildFile; fileRef = 451E963F1D48884100626519 /* projector_L@3x.png */; };
		451E96951D499CDD00626519 /* SHHeaderView.m in Sources */ = {isa = PBXBuildFile; fileRef = 451E96941D499CDD00626519 /* SHHeaderView.m */; };
		451E96971D499D0500626519 /* SHHeaderView.xib in Resources */ = {isa = PBXBuildFile; fileRef = 451E96961D499D0500626519 /* SHHeaderView.xib */; };
		451E969A1D49B1FF00626519 /* SHSettingTitleView.m in Sources */ = {isa = PBXBuildFile; fileRef = 451E96991D49B1FF00626519 /* SHSettingTitleView.m */; };
		451E969C1D49B21600626519 /* SHSettingTitleView.xib in Resources */ = {isa = PBXBuildFile; fileRef = 451E969B1D49B21600626519 /* SHSettingTitleView.xib */; };
		4528B20D1D40C727002599E4 /* SHHomeViewController.m in Sources */ = {isa = PBXBuildFile; fileRef = 4528B20C1D40C727002599E4 /* SHHomeViewController.m */; };
		4528B2111D40C79D002599E4 /* SHLoginViewController.m in Sources */ = {isa = PBXBuildFile; fileRef = 4528B2101D40C79D002599E4 /* SHLoginViewController.m */; };
		4528B2151D40C7CE002599E4 /* SHSettingViewController.m in Sources */ = {isa = PBXBuildFile; fileRef = 4528B2141D40C7CE002599E4 /* SHSettingViewController.m */; };
		4528B2191D40C851002599E4 /* SHOperationViewController.m in Sources */ = {isa = PBXBuildFile; fileRef = 4528B2181D40C851002599E4 /* SHOperationViewController.m */; };
		4528B2281D40D2CA002599E4 /* Friends@2x.png in Resources */ = {isa = PBXBuildFile; fileRef = 4528B2261D40D2CA002599E4 /* Friends@2x.png */; };
		4528B2291D40D2CA002599E4 /* Friends@3x.png in Resources */ = {isa = PBXBuildFile; fileRef = 4528B2271D40D2CA002599E4 /* Friends@3x.png */; };
		4528B22E1D40D797002599E4 /* Arrowleft@2x.png in Resources */ = {isa = PBXBuildFile; fileRef = 4528B22A1D40D797002599E4 /* Arrowleft@2x.png */; };
		4528B22F1D40D797002599E4 /* Arrowleft@3x.png in Resources */ = {isa = PBXBuildFile; fileRef = 4528B22B1D40D797002599E4 /* Arrowleft@3x.png */; };
		4528B2301D40D797002599E4 /* Avatar@2x.png in Resources */ = {isa = PBXBuildFile; fileRef = 4528B22C1D40D797002599E4 /* Avatar@2x.png */; };
		4528B2311D40D797002599E4 /* Avatar@3x.png in Resources */ = {isa = PBXBuildFile; fileRef = 4528B22D1D40D797002599E4 /* Avatar@3x.png */; };
		9290D4707E3E489A929F89FF /* libPods-SmartHome.a in Frameworks */ = {isa = PBXBuildFile; fileRef = 80BEA5DAC1AFE9EC922D46ED /* libPods-SmartHome.a */; };
		9D4B050B1D345E10004FBFA1 /* main.m in Sources */ = {isa = PBXBuildFile; fileRef = 9D4B050A1D345E10004FBFA1 /* main.m */; };
		9D4B050E1D345E10004FBFA1 /* AppDelegate.m in Sources */ = {isa = PBXBuildFile; fileRef = 9D4B050D1D345E10004FBFA1 /* AppDelegate.m */; };
		9D4B05141D345E10004FBFA1 /* Main.storyboard in Resources */ = {isa = PBXBuildFile; fileRef = 9D4B05121D345E10004FBFA1 /* Main.storyboard */; };
		9D4B05171D345E10004FBFA1 /* SmartHome.xcdatamodeld in Sources */ = {isa = PBXBuildFile; fileRef = 9D4B05151D345E10004FBFA1 /* SmartHome.xcdatamodeld */; };
		9D4B05191D345E10004FBFA1 /* Assets.xcassets in Resources */ = {isa = PBXBuildFile; fileRef = 9D4B05181D345E10004FBFA1 /* Assets.xcassets */; };
		9D4B051C1D345E10004FBFA1 /* LaunchScreen.storyboard in Resources */ = {isa = PBXBuildFile; fileRef = 9D4B051A1D345E10004FBFA1 /* LaunchScreen.storyboard */; };
		9D4B05271D345E10004FBFA1 /* SmartHomeTests.m in Sources */ = {isa = PBXBuildFile; fileRef = 9D4B05261D345E10004FBFA1 /* SmartHomeTests.m */; };
		9D4B05321D345E10004FBFA1 /* SmartHomeUITests.m in Sources */ = {isa = PBXBuildFile; fileRef = 9D4B05311D345E10004FBFA1 /* SmartHomeUITests.m */; };
		9D4B05441D3503CD004FBFA1 /* SocketHelper.m in Sources */ = {isa = PBXBuildFile; fileRef = 9D4B05431D3503CD004FBFA1 /* SocketHelper.m */; };
		9D4B054A1D350DF5004FBFA1 /* DeviceHelper.m in Sources */ = {isa = PBXBuildFile; fileRef = 9D4B05491D350DF5004FBFA1 /* DeviceHelper.m */; };
		9D4B05531D356071004FBFA1 /* jpush-ios-2.1.8.a in Frameworks */ = {isa = PBXBuildFile; fileRef = 9D4B05511D356071004FBFA1 /* jpush-ios-2.1.8.a */; };
/* End PBXBuildFile section */

/* Begin PBXContainerItemProxy section */
		9D4B05231D345E10004FBFA1 /* PBXContainerItemProxy */ = {
			isa = PBXContainerItemProxy;
			containerPortal = 9D4B04FE1D345E10004FBFA1 /* Project object */;
			proxyType = 1;
			remoteGlobalIDString = 9D4B05051D345E10004FBFA1;
			remoteInfo = SmartHome;
		};
		9D4B052E1D345E10004FBFA1 /* PBXContainerItemProxy */ = {
			isa = PBXContainerItemProxy;
			containerPortal = 9D4B04FE1D345E10004FBFA1 /* Project object */;
			proxyType = 1;
			remoteGlobalIDString = 9D4B05051D345E10004FBFA1;
			remoteInfo = SmartHome;
		};
/* End PBXContainerItemProxy section */

/* Begin PBXFileReference section */
		451E962D1D485C7400626519 /* SHSetingInputTextCell.h */ = {isa = PBXFileReference; fileEncoding = 4; lastKnownFileType = sourcecode.c.h; path = SHSetingInputTextCell.h; sourceTree = "<group>"; };
		451E962E1D485C7400626519 /* SHSetingInputTextCell.m */ = {isa = PBXFileReference; fileEncoding = 4; lastKnownFileType = sourcecode.c.objc; path = SHSetingInputTextCell.m; sourceTree = "<group>"; };
		451E96301D485D0B00626519 /* SHSetingItemTextCell.h */ = {isa = PBXFileReference; fileEncoding = 4; lastKnownFileType = sourcecode.c.h; path = SHSetingItemTextCell.h; sourceTree = "<group>"; };
		451E96311D485D0B00626519 /* SHSetingItemTextCell.m */ = {isa = PBXFileReference; fileEncoding = 4; lastKnownFileType = sourcecode.c.objc; path = SHSetingItemTextCell.m; sourceTree = "<group>"; };
		451E96341D485D3F00626519 /* SHSetingInputTextCell.xib */ = {isa = PBXFileReference; fileEncoding = 4; lastKnownFileType = file.xib; path = SHSetingInputTextCell.xib; sourceTree = "<group>"; };
		451E96361D485D6E00626519 /* SHSetingItemTextCell.xib */ = {isa = PBXFileReference; fileEncoding = 4; lastKnownFileType = file.xib; path = SHSetingItemTextCell.xib; sourceTree = "<group>"; };
		451E96381D48884100626519 /* Bell@2x.png */ = {isa = PBXFileReference; lastKnownFileType = image.png; path = "Bell@2x.png"; sourceTree = "<group>"; };
		451E96391D48884100626519 /* Bell@3x.png */ = {isa = PBXFileReference; lastKnownFileType = image.png; path = "Bell@3x.png"; sourceTree = "<group>"; };
		451E963A1D48884100626519 /* Home@2x.png */ = {isa = PBXFileReference; lastKnownFileType = image.png; path = "Home@2x.png"; sourceTree = "<group>"; };
		451E963B1D48884100626519 /* Home@3x.png */ = {isa = PBXFileReference; lastKnownFileType = image.png; path = "Home@3x.png"; sourceTree = "<group>"; };
		451E963C1D48884100626519 /* Phone@2x.png */ = {isa = PBXFileReference; lastKnownFileType = image.png; path = "Phone@2x.png"; sourceTree = "<group>"; };
		451E963D1D48884100626519 /* Phone@3x.png */ = {isa = PBXFileReference; lastKnownFileType = image.png; path = "Phone@3x.png"; sourceTree = "<group>"; };
		451E963E1D48884100626519 /* projector_L@2x.png */ = {isa = PBXFileReference; lastKnownFileType = image.png; path = "projector_L@2x.png"; sourceTree = "<group>"; };
		451E963F1D48884100626519 /* projector_L@3x.png */ = {isa = PBXFileReference; lastKnownFileType = image.png; path = "projector_L@3x.png"; sourceTree = "<group>"; };
		451E96931D499CDD00626519 /* SHHeaderView.h */ = {isa = PBXFileReference; fileEncoding = 4; lastKnownFileType = sourcecode.c.h; path = SHHeaderView.h; sourceTree = "<group>"; };
		451E96941D499CDD00626519 /* SHHeaderView.m */ = {isa = PBXFileReference; fileEncoding = 4; lastKnownFileType = sourcecode.c.objc; path = SHHeaderView.m; sourceTree = "<group>"; };
		451E96961D499D0500626519 /* SHHeaderView.xib */ = {isa = PBXFileReference; fileEncoding = 4; lastKnownFileType = file.xib; path = SHHeaderView.xib; sourceTree = "<group>"; };
		451E96981D49B1FF00626519 /* SHSettingTitleView.h */ = {isa = PBXFileReference; fileEncoding = 4; lastKnownFileType = sourcecode.c.h; path = SHSettingTitleView.h; sourceTree = "<group>"; };
		451E96991D49B1FF00626519 /* SHSettingTitleView.m */ = {isa = PBXFileReference; fileEncoding = 4; lastKnownFileType = sourcecode.c.objc; path = SHSettingTitleView.m; sourceTree = "<group>"; };
		451E969B1D49B21600626519 /* SHSettingTitleView.xib */ = {isa = PBXFileReference; fileEncoding = 4; lastKnownFileType = file.xib; path = SHSettingTitleView.xib; sourceTree = "<group>"; };
		4528B20B1D40C727002599E4 /* SHHomeViewController.h */ = {isa = PBXFileReference; fileEncoding = 4; lastKnownFileType = sourcecode.c.h; path = SHHomeViewController.h; sourceTree = "<group>"; };
		4528B20C1D40C727002599E4 /* SHHomeViewController.m */ = {isa = PBXFileReference; fileEncoding = 4; lastKnownFileType = sourcecode.c.objc; path = SHHomeViewController.m; sourceTree = "<group>"; };
		4528B20F1D40C79D002599E4 /* SHLoginViewController.h */ = {isa = PBXFileReference; fileEncoding = 4; lastKnownFileType = sourcecode.c.h; path = SHLoginViewController.h; sourceTree = "<group>"; };
		4528B2101D40C79D002599E4 /* SHLoginViewController.m */ = {isa = PBXFileReference; fileEncoding = 4; lastKnownFileType = sourcecode.c.objc; path = SHLoginViewController.m; sourceTree = "<group>"; };
		4528B2131D40C7CE002599E4 /* SHSettingViewController.h */ = {isa = PBXFileReference; fileEncoding = 4; lastKnownFileType = sourcecode.c.h; path = SHSettingViewController.h; sourceTree = "<group>"; };
		4528B2141D40C7CE002599E4 /* SHSettingViewController.m */ = {isa = PBXFileReference; fileEncoding = 4; lastKnownFileType = sourcecode.c.objc; path = SHSettingViewController.m; sourceTree = "<group>"; };
		4528B2171D40C851002599E4 /* SHOperationViewController.h */ = {isa = PBXFileReference; fileEncoding = 4; lastKnownFileType = sourcecode.c.h; path = SHOperationViewController.h; sourceTree = "<group>"; };
		4528B2181D40C851002599E4 /* SHOperationViewController.m */ = {isa = PBXFileReference; fileEncoding = 4; lastKnownFileType = sourcecode.c.objc; path = SHOperationViewController.m; sourceTree = "<group>"; };
		4528B21A1D40C934002599E4 /* SHServerDefine.h */ = {isa = PBXFileReference; lastKnownFileType = sourcecode.c.h; name = SHServerDefine.h; path = ../SHServerDefine.h; sourceTree = "<group>"; };
		4528B21C1D40C98C002599E4 /* SHDefine.h */ = {isa = PBXFileReference; lastKnownFileType = sourcecode.c.h; path = SHDefine.h; sourceTree = "<group>"; };
		4528B2261D40D2CA002599E4 /* Friends@2x.png */ = {isa = PBXFileReference; lastKnownFileType = image.png; path = "Friends@2x.png"; sourceTree = "<group>"; };
		4528B2271D40D2CA002599E4 /* Friends@3x.png */ = {isa = PBXFileReference; lastKnownFileType = image.png; path = "Friends@3x.png"; sourceTree = "<group>"; };
		4528B22A1D40D797002599E4 /* Arrowleft@2x.png */ = {isa = PBXFileReference; lastKnownFileType = image.png; path = "Arrowleft@2x.png"; sourceTree = "<group>"; };
		4528B22B1D40D797002599E4 /* Arrowleft@3x.png */ = {isa = PBXFileReference; lastKnownFileType = image.png; path = "Arrowleft@3x.png"; sourceTree = "<group>"; };
		4528B22C1D40D797002599E4 /* Avatar@2x.png */ = {isa = PBXFileReference; lastKnownFileType = image.png; path = "Avatar@2x.png"; sourceTree = "<group>"; };
		4528B22D1D40D797002599E4 /* Avatar@3x.png */ = {isa = PBXFileReference; lastKnownFileType = image.png; path = "Avatar@3x.png"; sourceTree = "<group>"; };
		80BEA5DAC1AFE9EC922D46ED /* libPods-SmartHome.a */ = {isa = PBXFileReference; explicitFileType = archive.ar; includeInIndex = 0; path = "libPods-SmartHome.a"; sourceTree = BUILT_PRODUCTS_DIR; };
		9589DDE9AC2B19FE22ACCFBA /* Pods-SmartHome.release.xcconfig */ = {isa = PBXFileReference; includeInIndex = 1; lastKnownFileType = text.xcconfig; name = "Pods-SmartHome.release.xcconfig"; path = "Pods/Target Support Files/Pods-SmartHome/Pods-SmartHome.release.xcconfig"; sourceTree = "<group>"; };
		9D4B05061D345E10004FBFA1 /* SmartHome.app */ = {isa = PBXFileReference; explicitFileType = wrapper.application; includeInIndex = 0; path = SmartHome.app; sourceTree = BUILT_PRODUCTS_DIR; };
		9D4B050A1D345E10004FBFA1 /* main.m */ = {isa = PBXFileReference; lastKnownFileType = sourcecode.c.objc; path = main.m; sourceTree = "<group>"; };
		9D4B050C1D345E10004FBFA1 /* AppDelegate.h */ = {isa = PBXFileReference; lastKnownFileType = sourcecode.c.h; path = AppDelegate.h; sourceTree = "<group>"; };
		9D4B050D1D345E10004FBFA1 /* AppDelegate.m */ = {isa = PBXFileReference; lastKnownFileType = sourcecode.c.objc; path = AppDelegate.m; sourceTree = "<group>"; };
		9D4B05131D345E10004FBFA1 /* Base */ = {isa = PBXFileReference; lastKnownFileType = file.storyboard; name = Base; path = Base.lproj/Main.storyboard; sourceTree = "<group>"; };
		9D4B05161D345E10004FBFA1 /* SmartHome.xcdatamodel */ = {isa = PBXFileReference; lastKnownFileType = wrapper.xcdatamodel; path = SmartHome.xcdatamodel; sourceTree = "<group>"; };
		9D4B05181D345E10004FBFA1 /* Assets.xcassets */ = {isa = PBXFileReference; lastKnownFileType = folder.assetcatalog; path = Assets.xcassets; sourceTree = "<group>"; };
		9D4B051B1D345E10004FBFA1 /* Base */ = {isa = PBXFileReference; lastKnownFileType = file.storyboard; name = Base; path = Base.lproj/LaunchScreen.storyboard; sourceTree = "<group>"; };
		9D4B051D1D345E10004FBFA1 /* Info.plist */ = {isa = PBXFileReference; lastKnownFileType = text.plist.xml; path = Info.plist; sourceTree = "<group>"; };
		9D4B05221D345E10004FBFA1 /* SmartHomeTests.xctest */ = {isa = PBXFileReference; explicitFileType = wrapper.cfbundle; includeInIndex = 0; path = SmartHomeTests.xctest; sourceTree = BUILT_PRODUCTS_DIR; };
		9D4B05261D345E10004FBFA1 /* SmartHomeTests.m */ = {isa = PBXFileReference; lastKnownFileType = sourcecode.c.objc; path = SmartHomeTests.m; sourceTree = "<group>"; };
		9D4B05281D345E10004FBFA1 /* Info.plist */ = {isa = PBXFileReference; lastKnownFileType = text.plist.xml; path = Info.plist; sourceTree = "<group>"; };
		9D4B052D1D345E10004FBFA1 /* SmartHomeUITests.xctest */ = {isa = PBXFileReference; explicitFileType = wrapper.cfbundle; includeInIndex = 0; path = SmartHomeUITests.xctest; sourceTree = BUILT_PRODUCTS_DIR; };
		9D4B05311D345E10004FBFA1 /* SmartHomeUITests.m */ = {isa = PBXFileReference; lastKnownFileType = sourcecode.c.objc; path = SmartHomeUITests.m; sourceTree = "<group>"; };
		9D4B05331D345E10004FBFA1 /* Info.plist */ = {isa = PBXFileReference; lastKnownFileType = text.plist.xml; path = Info.plist; sourceTree = "<group>"; };
		9D4B05421D3503CD004FBFA1 /* SocketHelper.h */ = {isa = PBXFileReference; fileEncoding = 4; lastKnownFileType = sourcecode.c.h; path = SocketHelper.h; sourceTree = "<group>"; };
		9D4B05431D3503CD004FBFA1 /* SocketHelper.m */ = {isa = PBXFileReference; fileEncoding = 4; lastKnownFileType = sourcecode.c.objc; path = SocketHelper.m; sourceTree = "<group>"; };
		9D4B05481D350DF5004FBFA1 /* DeviceHelper.h */ = {isa = PBXFileReference; fileEncoding = 4; lastKnownFileType = sourcecode.c.h; path = DeviceHelper.h; sourceTree = "<group>"; };
		9D4B05491D350DF5004FBFA1 /* DeviceHelper.m */ = {isa = PBXFileReference; fileEncoding = 4; lastKnownFileType = sourcecode.c.objc; path = DeviceHelper.m; sourceTree = "<group>"; };
		9D4B05511D356071004FBFA1 /* jpush-ios-2.1.8.a */ = {isa = PBXFileReference; lastKnownFileType = archive.ar; path = "jpush-ios-2.1.8.a"; sourceTree = "<group>"; };
		9D4B05521D356071004FBFA1 /* JPUSHService.h */ = {isa = PBXFileReference; fileEncoding = 4; lastKnownFileType = sourcecode.c.h; path = JPUSHService.h; sourceTree = "<group>"; };
		9D4B05551D35A991004FBFA1 /* ChangeSeverDefine.h */ = {isa = PBXFileReference; lastKnownFileType = sourcecode.c.h; path = ChangeSeverDefine.h; sourceTree = "<group>"; };
		CF3B2D3398881A30D2AEAFAD /* Pods-SmartHome.debug.xcconfig */ = {isa = PBXFileReference; includeInIndex = 1; lastKnownFileType = text.xcconfig; name = "Pods-SmartHome.debug.xcconfig"; path = "Pods/Target Support Files/Pods-SmartHome/Pods-SmartHome.debug.xcconfig"; sourceTree = "<group>"; };
/* End PBXFileReference section */

/* Begin PBXFrameworksBuildPhase section */
		9D4B05031D345E10004FBFA1 /* Frameworks */ = {
			isa = PBXFrameworksBuildPhase;
			buildActionMask = 2147483647;
			files = (
				9D4B05531D356071004FBFA1 /* jpush-ios-2.1.8.a in Frameworks */,
				9290D4707E3E489A929F89FF /* libPods-SmartHome.a in Frameworks */,
			);
			runOnlyForDeploymentPostprocessing = 0;
		};
		9D4B051F1D345E10004FBFA1 /* Frameworks */ = {
			isa = PBXFrameworksBuildPhase;
			buildActionMask = 2147483647;
			files = (
			);
			runOnlyForDeploymentPostprocessing = 0;
		};
		9D4B052A1D345E10004FBFA1 /* Frameworks */ = {
			isa = PBXFrameworksBuildPhase;
			buildActionMask = 2147483647;
			files = (
			);
			runOnlyForDeploymentPostprocessing = 0;
		};
/* End PBXFrameworksBuildPhase section */

/* Begin PBXGroup section */
		0F9A584FBE7A49F15F38B9EC /* Frameworks */ = {
			isa = PBXGroup;
			children = (
				80BEA5DAC1AFE9EC922D46ED /* libPods-SmartHome.a */,
			);
			name = Frameworks;
			sourceTree = "<group>";
		};
		451E96331D485D1200626519 /* View */ = {
			isa = PBXGroup;
			children = (
				451E962D1D485C7400626519 /* SHSetingInputTextCell.h */,
				451E962E1D485C7400626519 /* SHSetingInputTextCell.m */,
				451E96341D485D3F00626519 /* SHSetingInputTextCell.xib */,
				451E96301D485D0B00626519 /* SHSetingItemTextCell.h */,
				451E96311D485D0B00626519 /* SHSetingItemTextCell.m */,
				451E96361D485D6E00626519 /* SHSetingItemTextCell.xib */,
				451E96931D499CDD00626519 /* SHHeaderView.h */,
				451E96941D499CDD00626519 /* SHHeaderView.m */,
				451E96961D499D0500626519 /* SHHeaderView.xib */,
				451E96981D49B1FF00626519 /* SHSettingTitleView.h */,
				451E96991D49B1FF00626519 /* SHSettingTitleView.m */,
				451E969B1D49B21600626519 /* SHSettingTitleView.xib */,
			);
			name = View;
			sourceTree = "<group>";
		};
		4528B2051D40BE63002599E4 /* ViewController */ = {
			isa = PBXGroup;
			children = (
				4528B20B1D40C727002599E4 /* SHHomeViewController.h */,
				4528B20C1D40C727002599E4 /* SHHomeViewController.m */,
			);
			name = ViewController;
			sourceTree = "<group>";
		};
		4528B2061D40BE70002599E4 /* View */ = {
			isa = PBXGroup;
			children = (
			);
			name = View;
			sourceTree = "<group>";
		};
		4528B2071D40BE7B002599E4 /* Model */ = {
			isa = PBXGroup;
			children = (
			);
			name = Model;
			sourceTree = "<group>";
		};
		4528B2081D40BED2002599E4 /* Setting */ = {
			isa = PBXGroup;
			children = (
				451E96331D485D1200626519 /* View */,
				4528B2121D40C7B2002599E4 /* ViewController */,
			);
			name = Setting;
			sourceTree = "<group>";
		};
		4528B2091D40BED6002599E4 /* Login */ = {
			isa = PBXGroup;
			children = (
				4528B20E1D40C74C002599E4 /* ViewController */,
			);
			name = Login;
			sourceTree = "<group>";
		};
		4528B20A1D40BEDA002599E4 /* Operation */ = {
			isa = PBXGroup;
			children = (
				4528B2161D40C7D6002599E4 /* ViewController */,
			);
			name = Operation;
			sourceTree = "<group>";
		};
		4528B20E1D40C74C002599E4 /* ViewController */ = {
			isa = PBXGroup;
			children = (
				4528B20F1D40C79D002599E4 /* SHLoginViewController.h */,
				4528B2101D40C79D002599E4 /* SHLoginViewController.m */,
			);
			name = ViewController;
			sourceTree = "<group>";
		};
		4528B2121D40C7B2002599E4 /* ViewController */ = {
			isa = PBXGroup;
			children = (
				4528B2131D40C7CE002599E4 /* SHSettingViewController.h */,
				4528B2141D40C7CE002599E4 /* SHSettingViewController.m */,
			);
			name = ViewController;
			sourceTree = "<group>";
		};
		4528B2161D40C7D6002599E4 /* ViewController */ = {
			isa = PBXGroup;
			children = (
				4528B2171D40C851002599E4 /* SHOperationViewController.h */,
				4528B2181D40C851002599E4 /* SHOperationViewController.m */,
			);
			name = ViewController;
			sourceTree = "<group>";
		};
		4528B21D1D40D1D1002599E4 /* imges */ = {
			isa = PBXGroup;
			children = (
				4528B22A1D40D797002599E4 /* Arrowleft@2x.png */,
				4528B22B1D40D797002599E4 /* Arrowleft@3x.png */,
				4528B22C1D40D797002599E4 /* Avatar@2x.png */,
				4528B22D1D40D797002599E4 /* Avatar@3x.png */,
				4528B2261D40D2CA002599E4 /* Friends@2x.png */,
				4528B2271D40D2CA002599E4 /* Friends@3x.png */,
				451E96381D48884100626519 /* Bell@2x.png */,
				451E96391D48884100626519 /* Bell@3x.png */,
				451E963A1D48884100626519 /* Home@2x.png */,
				451E963B1D48884100626519 /* Home@3x.png */,
				451E963C1D48884100626519 /* Phone@2x.png */,
				451E963D1D48884100626519 /* Phone@3x.png */,
				451E963E1D48884100626519 /* projector_L@2x.png */,
				451E963F1D48884100626519 /* projector_L@3x.png */,
			);
			name = imges;
			sourceTree = "<group>";
		};
		9D4B04FD1D345E10004FBFA1 = {
			isa = PBXGroup;
			children = (
				9D4B05081D345E10004FBFA1 /* SmartHome */,
				9D4B05251D345E10004FBFA1 /* SmartHomeTests */,
				9D4B05301D345E10004FBFA1 /* SmartHomeUITests */,
				9D4B05071D345E10004FBFA1 /* Products */,
				BBF66BC7A2E65ED327D88728 /* Pods */,
				0F9A584FBE7A49F15F38B9EC /* Frameworks */,
			);
			sourceTree = "<group>";
		};
		9D4B05071D345E10004FBFA1 /* Products */ = {
			isa = PBXGroup;
			children = (
				9D4B05061D345E10004FBFA1 /* SmartHome.app */,
				9D4B05221D345E10004FBFA1 /* SmartHomeTests.xctest */,
				9D4B052D1D345E10004FBFA1 /* SmartHomeUITests.xctest */,
			);
			name = Products;
			sourceTree = "<group>";
		};
		9D4B05081D345E10004FBFA1 /* SmartHome */ = {
			isa = PBXGroup;
			children = (
				4528B21D1D40D1D1002599E4 /* imges */,
				9D4B05501D356050004FBFA1 /* Lib */,
				9D4B05461D350DC5004FBFA1 /* Utility */,
				9D4B05411D3501A7004FBFA1 /* HomeViewController */,
				4528B2091D40BED6002599E4 /* Login */,
				4528B2081D40BED2002599E4 /* Setting */,
				4528B20A1D40BEDA002599E4 /* Operation */,
				9D4B050C1D345E10004FBFA1 /* AppDelegate.h */,
				9D4B050D1D345E10004FBFA1 /* AppDelegate.m */,
				4528B21A1D40C934002599E4 /* SHServerDefine.h */,
				4528B21C1D40C98C002599E4 /* SHDefine.h */,
				9D4B05121D345E10004FBFA1 /* Main.storyboard */,
				9D4B05181D345E10004FBFA1 /* Assets.xcassets */,
				9D4B051A1D345E10004FBFA1 /* LaunchScreen.storyboard */,
				9D4B051D1D345E10004FBFA1 /* Info.plist */,
				9D4B05151D345E10004FBFA1 /* SmartHome.xcdatamodeld */,
				9D4B05091D345E10004FBFA1 /* Supporting Files */,
			);
			path = SmartHome;
			sourceTree = "<group>";
		};
		9D4B05091D345E10004FBFA1 /* Supporting Files */ = {
			isa = PBXGroup;
			children = (
				9D4B050A1D345E10004FBFA1 /* main.m */,
			);
			name = "Supporting Files";
			sourceTree = "<group>";
		};
		9D4B05251D345E10004FBFA1 /* SmartHomeTests */ = {
			isa = PBXGroup;
			children = (
				9D4B05261D345E10004FBFA1 /* SmartHomeTests.m */,
				9D4B05281D345E10004FBFA1 /* Info.plist */,
			);
			path = SmartHomeTests;
			sourceTree = "<group>";
		};
		9D4B05301D345E10004FBFA1 /* SmartHomeUITests */ = {
			isa = PBXGroup;
			children = (
				9D4B05311D345E10004FBFA1 /* SmartHomeUITests.m */,
				9D4B05331D345E10004FBFA1 /* Info.plist */,
			);
			path = SmartHomeUITests;
			sourceTree = "<group>";
		};
		9D4B053F1D350179004FBFA1 /* SocketHelper */ = {
			isa = PBXGroup;
			children = (
				9D4B05421D3503CD004FBFA1 /* SocketHelper.h */,
				9D4B05431D3503CD004FBFA1 /* SocketHelper.m */,
			);
			name = SocketHelper;
			sourceTree = "<group>";
		};
		9D4B05411D3501A7004FBFA1 /* HomeViewController */ = {
			isa = PBXGroup;
			children = (
				4528B2071D40BE7B002599E4 /* Model */,
				4528B2061D40BE70002599E4 /* View */,
				4528B2051D40BE63002599E4 /* ViewController */,
			);
			name = HomeViewController;
			sourceTree = "<group>";
		};
		9D4B05461D350DC5004FBFA1 /* Utility */ = {
			isa = PBXGroup;
			children = (
				9D4B05551D35A991004FBFA1 /* ChangeSeverDefine.h */,
				9D4B05471D350DD5004FBFA1 /* DeviceHelper */,
				9D4B053F1D350179004FBFA1 /* SocketHelper */,
			);
			name = Utility;
			sourceTree = "<group>";
		};
		9D4B05471D350DD5004FBFA1 /* DeviceHelper */ = {
			isa = PBXGroup;
			children = (
				9D4B05481D350DF5004FBFA1 /* DeviceHelper.h */,
				9D4B05491D350DF5004FBFA1 /* DeviceHelper.m */,
			);
			name = DeviceHelper;
			sourceTree = "<group>";
		};
		9D4B05501D356050004FBFA1 /* Lib */ = {
			isa = PBXGroup;
			children = (
				9D4B05511D356071004FBFA1 /* jpush-ios-2.1.8.a */,
				9D4B05521D356071004FBFA1 /* JPUSHService.h */,
			);
			name = Lib;
			sourceTree = "<group>";
		};
		BBF66BC7A2E65ED327D88728 /* Pods */ = {
			isa = PBXGroup;
			children = (
				CF3B2D3398881A30D2AEAFAD /* Pods-SmartHome.debug.xcconfig */,
				9589DDE9AC2B19FE22ACCFBA /* Pods-SmartHome.release.xcconfig */,
			);
			name = Pods;
			sourceTree = "<group>";
		};
/* End PBXGroup section */

/* Begin PBXNativeTarget section */
		9D4B05051D345E10004FBFA1 /* SmartHome */ = {
			isa = PBXNativeTarget;
			buildConfigurationList = 9D4B05361D345E10004FBFA1 /* Build configuration list for PBXNativeTarget "SmartHome" */;
			buildPhases = (
				DC6A3F43F6AA9430B35B792D /* [CP] Check Pods Manifest.lock */,
				9D4B05021D345E10004FBFA1 /* Sources */,
				9D4B05031D345E10004FBFA1 /* Frameworks */,
				9D4B05041D345E10004FBFA1 /* Resources */,
				6AE8A5F6F194A028705120D1 /* [CP] Embed Pods Frameworks */,
				B2DEEE39501D3A5271F4FCC7 /* [CP] Copy Pods Resources */,
			);
			buildRules = (
			);
			dependencies = (
			);
			name = SmartHome;
			productName = SmartHome;
			productReference = 9D4B05061D345E10004FBFA1 /* SmartHome.app */;
			productType = "com.apple.product-type.application";
		};
		9D4B05211D345E10004FBFA1 /* SmartHomeTests */ = {
			isa = PBXNativeTarget;
			buildConfigurationList = 9D4B05391D345E10004FBFA1 /* Build configuration list for PBXNativeTarget "SmartHomeTests" */;
			buildPhases = (
				9D4B051E1D345E10004FBFA1 /* Sources */,
				9D4B051F1D345E10004FBFA1 /* Frameworks */,
				9D4B05201D345E10004FBFA1 /* Resources */,
			);
			buildRules = (
			);
			dependencies = (
				9D4B05241D345E10004FBFA1 /* PBXTargetDependency */,
			);
			name = SmartHomeTests;
			productName = SmartHomeTests;
			productReference = 9D4B05221D345E10004FBFA1 /* SmartHomeTests.xctest */;
			productType = "com.apple.product-type.bundle.unit-test";
		};
		9D4B052C1D345E10004FBFA1 /* SmartHomeUITests */ = {
			isa = PBXNativeTarget;
			buildConfigurationList = 9D4B053C1D345E10004FBFA1 /* Build configuration list for PBXNativeTarget "SmartHomeUITests" */;
			buildPhases = (
				9D4B05291D345E10004FBFA1 /* Sources */,
				9D4B052A1D345E10004FBFA1 /* Frameworks */,
				9D4B052B1D345E10004FBFA1 /* Resources */,
			);
			buildRules = (
			);
			dependencies = (
				9D4B052F1D345E10004FBFA1 /* PBXTargetDependency */,
			);
			name = SmartHomeUITests;
			productName = SmartHomeUITests;
			productReference = 9D4B052D1D345E10004FBFA1 /* SmartHomeUITests.xctest */;
			productType = "com.apple.product-type.bundle.ui-testing";
		};
/* End PBXNativeTarget section */

/* Begin PBXProject section */
		9D4B04FE1D345E10004FBFA1 /* Project object */ = {
			isa = PBXProject;
			attributes = {
				LastUpgradeCheck = 0730;
				ORGANIZATIONNAME = tong;
				TargetAttributes = {
					9D4B05051D345E10004FBFA1 = {
						CreatedOnToolsVersion = 7.3;
					};
					9D4B05211D345E10004FBFA1 = {
						CreatedOnToolsVersion = 7.3;
						TestTargetID = 9D4B05051D345E10004FBFA1;
					};
					9D4B052C1D345E10004FBFA1 = {
						CreatedOnToolsVersion = 7.3;
						TestTargetID = 9D4B05051D345E10004FBFA1;
					};
				};
			};
			buildConfigurationList = 9D4B05011D345E10004FBFA1 /* Build configuration list for PBXProject "SmartHome" */;
			compatibilityVersion = "Xcode 3.2";
			developmentRegion = English;
			hasScannedForEncodings = 0;
			knownRegions = (
				en,
				Base,
			);
			mainGroup = 9D4B04FD1D345E10004FBFA1;
			productRefGroup = 9D4B05071D345E10004FBFA1 /* Products */;
			projectDirPath = "";
			projectRoot = "";
			targets = (
				9D4B05051D345E10004FBFA1 /* SmartHome */,
				9D4B05211D345E10004FBFA1 /* SmartHomeTests */,
				9D4B052C1D345E10004FBFA1 /* SmartHomeUITests */,
			);
		};
/* End PBXProject section */

/* Begin PBXResourcesBuildPhase section */
		9D4B05041D345E10004FBFA1 /* Resources */ = {
			isa = PBXResourcesBuildPhase;
			buildActionMask = 2147483647;
			files = (
				451E96351D485D3F00626519 /* SHSetingInputTextCell.xib in Resources */,
				4528B22E1D40D797002599E4 /* Arrowleft@2x.png in Resources */,
				4528B2311D40D797002599E4 /* Avatar@3x.png in Resources */,
				451E96441D48884100626519 /* Phone@2x.png in Resources */,
				451E96461D48884100626519 /* projector_L@2x.png in Resources */,
				451E96451D48884100626519 /* Phone@3x.png in Resources */,
				451E96411D48884100626519 /* Bell@3x.png in Resources */,
				4528B2301D40D797002599E4 /* Avatar@2x.png in Resources */,
				451E969C1D49B21600626519 /* SHSettingTitleView.xib in Resources */,
				9D4B051C1D345E10004FBFA1 /* LaunchScreen.storyboard in Resources */,
				9D4B05191D345E10004FBFA1 /* Assets.xcassets in Resources */,
				4528B2291D40D2CA002599E4 /* Friends@3x.png in Resources */,
				4528B2281D40D2CA002599E4 /* Friends@2x.png in Resources */,
				451E96971D499D0500626519 /* SHHeaderView.xib in Resources */,
				451E96471D48884100626519 /* projector_L@3x.png in Resources */,
				451E96421D48884100626519 /* Home@2x.png in Resources */,
				451E96371D485D6E00626519 /* SHSetingItemTextCell.xib in Resources */,
				9D4B05141D345E10004FBFA1 /* Main.storyboard in Resources */,
				4528B22F1D40D797002599E4 /* Arrowleft@3x.png in Resources */,
				451E96401D48884100626519 /* Bell@2x.png in Resources */,
				451E96431D48884100626519 /* Home@3x.png in Resources */,
			);
			runOnlyForDeploymentPostprocessing = 0;
		};
		9D4B05201D345E10004FBFA1 /* Resources */ = {
			isa = PBXResourcesBuildPhase;
			buildActionMask = 2147483647;
			files = (
			);
			runOnlyForDeploymentPostprocessing = 0;
		};
		9D4B052B1D345E10004FBFA1 /* Resources */ = {
			isa = PBXResourcesBuildPhase;
			buildActionMask = 2147483647;
			files = (
			);
			runOnlyForDeploymentPostprocessing = 0;
		};
/* End PBXResourcesBuildPhase section */

/* Begin PBXShellScriptBuildPhase section */
		6AE8A5F6F194A028705120D1 /* [CP] Embed Pods Frameworks */ = {
			isa = PBXShellScriptBuildPhase;
			buildActionMask = 2147483647;
			files = (
			);
			inputPaths = (
			);
			name = "[CP] Embed Pods Frameworks";
			outputPaths = (
			);
			runOnlyForDeploymentPostprocessing = 0;
			shellPath = /bin/sh;
			shellScript = "\"${SRCROOT}/Pods/Target Support Files/Pods-SmartHome/Pods-SmartHome-frameworks.sh\"\n";
			showEnvVarsInLog = 0;
		};
		B2DEEE39501D3A5271F4FCC7 /* [CP] Copy Pods Resources */ = {
			isa = PBXShellScriptBuildPhase;
			buildActionMask = 2147483647;
			files = (
			);
			inputPaths = (
			);
			name = "[CP] Copy Pods Resources";
			outputPaths = (
			);
			runOnlyForDeploymentPostprocessing = 0;
			shellPath = /bin/sh;
			shellScript = "\"${SRCROOT}/Pods/Target Support Files/Pods-SmartHome/Pods-SmartHome-resources.sh\"\n";
			showEnvVarsInLog = 0;
		};
		DC6A3F43F6AA9430B35B792D /* [CP] Check Pods Manifest.lock */ = {
			isa = PBXShellScriptBuildPhase;
			buildActionMask = 2147483647;
			files = (
			);
			inputPaths = (
			);
			name = "[CP] Check Pods Manifest.lock";
			outputPaths = (
			);
			runOnlyForDeploymentPostprocessing = 0;
			shellPath = /bin/sh;
			shellScript = "diff \"${PODS_ROOT}/../Podfile.lock\" \"${PODS_ROOT}/Manifest.lock\" > /dev/null\nif [[ $? != 0 ]] ; then\n    cat << EOM\nerror: The sandbox is not in sync with the Podfile.lock. Run 'pod install' or update your CocoaPods installation.\nEOM\n    exit 1\nfi\n";
			showEnvVarsInLog = 0;
		};
/* End PBXShellScriptBuildPhase section */

/* Begin PBXSourcesBuildPhase section */
		9D4B05021D345E10004FBFA1 /* Sources */ = {
			isa = PBXSourcesBuildPhase;
			buildActionMask = 2147483647;
			files = (
				451E96951D499CDD00626519 /* SHHeaderView.m in Sources */,
				451E962F1D485C7400626519 /* SHSetingInputTextCell.m in Sources */,
				9D4B050E1D345E10004FBFA1 /* AppDelegate.m in Sources */,
				9D4B05441D3503CD004FBFA1 /* SocketHelper.m in Sources */,
				4528B20D1D40C727002599E4 /* SHHomeViewController.m in Sources */,
				451E96321D485D0B00626519 /* SHSetingItemTextCell.m in Sources */,
				4528B2191D40C851002599E4 /* SHOperationViewController.m in Sources */,
				9D4B05171D345E10004FBFA1 /* SmartHome.xcdatamodeld in Sources */,
				4528B2151D40C7CE002599E4 /* SHSettingViewController.m in Sources */,
				451E969A1D49B1FF00626519 /* SHSettingTitleView.m in Sources */,
				4528B2111D40C79D002599E4 /* SHLoginViewController.m in Sources */,
				9D4B050B1D345E10004FBFA1 /* main.m in Sources */,
				9D4B054A1D350DF5004FBFA1 /* DeviceHelper.m in Sources */,
			);
			runOnlyForDeploymentPostprocessing = 0;
		};
		9D4B051E1D345E10004FBFA1 /* Sources */ = {
			isa = PBXSourcesBuildPhase;
			buildActionMask = 2147483647;
			files = (
				9D4B05271D345E10004FBFA1 /* SmartHomeTests.m in Sources */,
			);
			runOnlyForDeploymentPostprocessing = 0;
		};
		9D4B05291D345E10004FBFA1 /* Sources */ = {
			isa = PBXSourcesBuildPhase;
			buildActionMask = 2147483647;
			files = (
				9D4B05321D345E10004FBFA1 /* SmartHomeUITests.m in Sources */,
			);
			runOnlyForDeploymentPostprocessing = 0;
		};
/* End PBXSourcesBuildPhase section */

/* Begin PBXTargetDependency section */
		9D4B05241D345E10004FBFA1 /* PBXTargetDependency */ = {
			isa = PBXTargetDependency;
			target = 9D4B05051D345E10004FBFA1 /* SmartHome */;
			targetProxy = 9D4B05231D345E10004FBFA1 /* PBXContainerItemProxy */;
		};
		9D4B052F1D345E10004FBFA1 /* PBXTargetDependency */ = {
			isa = PBXTargetDependency;
			target = 9D4B05051D345E10004FBFA1 /* SmartHome */;
			targetProxy = 9D4B052E1D345E10004FBFA1 /* PBXContainerItemProxy */;
		};
/* End PBXTargetDependency section */

/* Begin PBXVariantGroup section */
		9D4B05121D345E10004FBFA1 /* Main.storyboard */ = {
			isa = PBXVariantGroup;
			children = (
				9D4B05131D345E10004FBFA1 /* Base */,
			);
			name = Main.storyboard;
			sourceTree = "<group>";
		};
		9D4B051A1D345E10004FBFA1 /* LaunchScreen.storyboard */ = {
			isa = PBXVariantGroup;
			children = (
				9D4B051B1D345E10004FBFA1 /* Base */,
			);
			name = LaunchScreen.storyboard;
			sourceTree = "<group>";
		};
/* End PBXVariantGroup section */

/* Begin XCBuildConfiguration section */
		9D4B05341D345E10004FBFA1 /* Debug */ = {
			isa = XCBuildConfiguration;
			buildSettings = {
				ALWAYS_SEARCH_USER_PATHS = NO;
				CLANG_ANALYZER_NONNULL = YES;
				CLANG_CXX_LANGUAGE_STANDARD = "gnu++0x";
				CLANG_CXX_LIBRARY = "libc++";
				CLANG_ENABLE_MODULES = YES;
				CLANG_ENABLE_OBJC_ARC = YES;
				CLANG_WARN_BOOL_CONVERSION = YES;
				CLANG_WARN_CONSTANT_CONVERSION = YES;
				CLANG_WARN_DIRECT_OBJC_ISA_USAGE = YES_ERROR;
				CLANG_WARN_EMPTY_BODY = YES;
				CLANG_WARN_ENUM_CONVERSION = YES;
				CLANG_WARN_INT_CONVERSION = YES;
				CLANG_WARN_OBJC_ROOT_CLASS = YES_ERROR;
				CLANG_WARN_UNREACHABLE_CODE = YES;
				CLANG_WARN__DUPLICATE_METHOD_MATCH = YES;
				"CODE_SIGN_IDENTITY[sdk=iphoneos*]" = "iPhone Developer";
				COPY_PHASE_STRIP = NO;
				DEBUG_INFORMATION_FORMAT = dwarf;
				ENABLE_STRICT_OBJC_MSGSEND = YES;
				ENABLE_TESTABILITY = YES;
				GCC_C_LANGUAGE_STANDARD = gnu99;
				GCC_DYNAMIC_NO_PIC = NO;
				GCC_NO_COMMON_BLOCKS = YES;
				GCC_OPTIMIZATION_LEVEL = 0;
				GCC_PREPROCESSOR_DEFINITIONS = (
					"DEBUG=1",
					"$(inherited)",
				);
				GCC_WARN_64_TO_32_BIT_CONVERSION = YES;
				GCC_WARN_ABOUT_RETURN_TYPE = YES_ERROR;
				GCC_WARN_UNDECLARED_SELECTOR = YES;
				GCC_WARN_UNINITIALIZED_AUTOS = YES_AGGRESSIVE;
				GCC_WARN_UNUSED_FUNCTION = YES;
				GCC_WARN_UNUSED_VARIABLE = YES;
				IPHONEOS_DEPLOYMENT_TARGET = 9.3;
				MTL_ENABLE_DEBUG_INFO = YES;
				ONLY_ACTIVE_ARCH = YES;
				SDKROOT = iphoneos;
				TARGETED_DEVICE_FAMILY = "1,2";
			};
			name = Debug;
		};
		9D4B05351D345E10004FBFA1 /* Release */ = {
			isa = XCBuildConfiguration;
			buildSettings = {
				ALWAYS_SEARCH_USER_PATHS = NO;
				CLANG_ANALYZER_NONNULL = YES;
				CLANG_CXX_LANGUAGE_STANDARD = "gnu++0x";
				CLANG_CXX_LIBRARY = "libc++";
				CLANG_ENABLE_MODULES = YES;
				CLANG_ENABLE_OBJC_ARC = YES;
				CLANG_WARN_BOOL_CONVERSION = YES;
				CLANG_WARN_CONSTANT_CONVERSION = YES;
				CLANG_WARN_DIRECT_OBJC_ISA_USAGE = YES_ERROR;
				CLANG_WARN_EMPTY_BODY = YES;
				CLANG_WARN_ENUM_CONVERSION = YES;
				CLANG_WARN_INT_CONVERSION = YES;
				CLANG_WARN_OBJC_ROOT_CLASS = YES_ERROR;
				CLANG_WARN_UNREACHABLE_CODE = YES;
				CLANG_WARN__DUPLICATE_METHOD_MATCH = YES;
				"CODE_SIGN_IDENTITY[sdk=iphoneos*]" = "iPhone Developer";
				COPY_PHASE_STRIP = NO;
				DEBUG_INFORMATION_FORMAT = "dwarf-with-dsym";
				ENABLE_NS_ASSERTIONS = NO;
				ENABLE_STRICT_OBJC_MSGSEND = YES;
				GCC_C_LANGUAGE_STANDARD = gnu99;
				GCC_NO_COMMON_BLOCKS = YES;
				GCC_WARN_64_TO_32_BIT_CONVERSION = YES;
				GCC_WARN_ABOUT_RETURN_TYPE = YES_ERROR;
				GCC_WARN_UNDECLARED_SELECTOR = YES;
				GCC_WARN_UNINITIALIZED_AUTOS = YES_AGGRESSIVE;
				GCC_WARN_UNUSED_FUNCTION = YES;
				GCC_WARN_UNUSED_VARIABLE = YES;
				IPHONEOS_DEPLOYMENT_TARGET = 9.3;
				MTL_ENABLE_DEBUG_INFO = NO;
				SDKROOT = iphoneos;
				TARGETED_DEVICE_FAMILY = "1,2";
				VALIDATE_PRODUCT = YES;
			};
			name = Release;
		};
		9D4B05371D345E10004FBFA1 /* Debug */ = {
			isa = XCBuildConfiguration;
			baseConfigurationReference = CF3B2D3398881A30D2AEAFAD /* Pods-SmartHome.debug.xcconfig */;
			buildSettings = {
				ASSETCATALOG_COMPILER_APPICON_NAME = AppIcon;
				CODE_SIGN_IDENTITY = "iPhone Developer";
				INFOPLIST_FILE = SmartHome/Info.plist;
				IPHONEOS_DEPLOYMENT_TARGET = 8.0;
				LD_RUNPATH_SEARCH_PATHS = "$(inherited) @executable_path/Frameworks";
				LIBRARY_SEARCH_PATHS = (
					"$(inherited)",
					"$(PROJECT_DIR)/SmartHome",
				);
				PRODUCT_BUNDLE_IDENTIFIER = smarthome.ldnet.assem;
				PRODUCT_NAME = "$(TARGET_NAME)";
			};
			name = Debug;
		};
		9D4B05381D345E10004FBFA1 /* Release */ = {
			isa = XCBuildConfiguration;
			baseConfigurationReference = 9589DDE9AC2B19FE22ACCFBA /* Pods-SmartHome.release.xcconfig */;
			buildSettings = {
				ASSETCATALOG_COMPILER_APPICON_NAME = AppIcon;
				CODE_SIGN_IDENTITY = "iPhone Developer";
				INFOPLIST_FILE = SmartHome/Info.plist;
				IPHONEOS_DEPLOYMENT_TARGET = 8.0;
				LD_RUNPATH_SEARCH_PATHS = "$(inherited) @executable_path/Frameworks";
				LIBRARY_SEARCH_PATHS = (
					"$(inherited)",
					"$(PROJECT_DIR)/SmartHome",
				);
				PRODUCT_BUNDLE_IDENTIFIER = smarthome.ldnet.assem;
				PRODUCT_NAME = "$(TARGET_NAME)";
			};
			name = Release;
		};
		9D4B053A1D345E10004FBFA1 /* Debug */ = {
			isa = XCBuildConfiguration;
			buildSettings = {
				BUNDLE_LOADER = "$(TEST_HOST)";
				INFOPLIST_FILE = SmartHomeTests/Info.plist;
				LD_RUNPATH_SEARCH_PATHS = "$(inherited) @executable_path/Frameworks @loader_path/Frameworks";
				PRODUCT_BUNDLE_IDENTIFIER = litong.SmartHomeTests;
				PRODUCT_NAME = "$(TARGET_NAME)";
				TEST_HOST = "$(BUILT_PRODUCTS_DIR)/SmartHome.app/SmartHome";
			};
			name = Debug;
		};
		9D4B053B1D345E10004FBFA1 /* Release */ = {
			isa = XCBuildConfiguration;
			buildSettings = {
				BUNDLE_LOADER = "$(TEST_HOST)";
				INFOPLIST_FILE = SmartHomeTests/Info.plist;
				LD_RUNPATH_SEARCH_PATHS = "$(inherited) @executable_path/Frameworks @loader_path/Frameworks";
				PRODUCT_BUNDLE_IDENTIFIER = litong.SmartHomeTests;
				PRODUCT_NAME = "$(TARGET_NAME)";
				TEST_HOST = "$(BUILT_PRODUCTS_DIR)/SmartHome.app/SmartHome";
			};
			name = Release;
		};
		9D4B053D1D345E10004FBFA1 /* Debug */ = {
			isa = XCBuildConfiguration;
			buildSettings = {
				INFOPLIST_FILE = SmartHomeUITests/Info.plist;
				LD_RUNPATH_SEARCH_PATHS = "$(inherited) @executable_path/Frameworks @loader_path/Frameworks";
				PRODUCT_BUNDLE_IDENTIFIER = litong.SmartHomeUITests;
				PRODUCT_NAME = "$(TARGET_NAME)";
				TEST_TARGET_NAME = SmartHome;
			};
			name = Debug;
		};
		9D4B053E1D345E10004FBFA1 /* Release */ = {
			isa = XCBuildConfiguration;
			buildSettings = {
				INFOPLIST_FILE = SmartHomeUITests/Info.plist;
				LD_RUNPATH_SEARCH_PATHS = "$(inherited) @executable_path/Frameworks @loader_path/Frameworks";
				PRODUCT_BUNDLE_IDENTIFIER = litong.SmartHomeUITests;
				PRODUCT_NAME = "$(TARGET_NAME)";
				TEST_TARGET_NAME = SmartHome;
			};
			name = Release;
		};
/* End XCBuildConfiguration section */

/* Begin XCConfigurationList section */
		9D4B05011D345E10004FBFA1 /* Build configuration list for PBXProject "SmartHome" */ = {
			isa = XCConfigurationList;
			buildConfigurations = (
				9D4B05341D345E10004FBFA1 /* Debug */,
				9D4B05351D345E10004FBFA1 /* Release */,
			);
			defaultConfigurationIsVisible = 0;
			defaultConfigurationName = Release;
		};
		9D4B05361D345E10004FBFA1 /* Build configuration list for PBXNativeTarget "SmartHome" */ = {
			isa = XCConfigurationList;
			buildConfigurations = (
				9D4B05371D345E10004FBFA1 /* Debug */,
				9D4B05381D345E10004FBFA1 /* Release */,
			);
			defaultConfigurationIsVisible = 0;
			defaultConfigurationName = Release;
		};
		9D4B05391D345E10004FBFA1 /* Build configuration list for PBXNativeTarget "SmartHomeTests" */ = {
			isa = XCConfigurationList;
			buildConfigurations = (
				9D4B053A1D345E10004FBFA1 /* Debug */,
				9D4B053B1D345E10004FBFA1 /* Release */,
			);
			defaultConfigurationIsVisible = 0;
			defaultConfigurationName = Release;
		};
		9D4B053C1D345E10004FBFA1 /* Build configuration list for PBXNativeTarget "SmartHomeUITests" */ = {
			isa = XCConfigurationList;
			buildConfigurations = (
				9D4B053D1D345E10004FBFA1 /* Debug */,
				9D4B053E1D345E10004FBFA1 /* Release */,
			);
			defaultConfigurationIsVisible = 0;
			defaultConfigurationName = Release;
		};
/* End XCConfigurationList section */

/* Begin XCVersionGroup section */
		9D4B05151D345E10004FBFA1 /* SmartHome.xcdatamodeld */ = {
			isa = XCVersionGroup;
			children = (
				9D4B05161D345E10004FBFA1 /* SmartHome.xcdatamodel */,
			);
			currentVersion = 9D4B05161D345E10004FBFA1 /* SmartHome.xcdatamodel */;
			path = SmartHome.xcdatamodeld;
			sourceTree = "<group>";
			versionGroupType = wrapper.xcdatamodel;
		};
/* End XCVersionGroup section */
	};
	rootObject = 9D4B04FE1D345E10004FBFA1 /* Project object */;
}
